// !$*UTF8*$!
{
	archiveVersion = 1;
	classes = {
	};
	objectVersion = 46;
	objects = {

/* Begin PBXBuildFile section */
		53C8811021507142003F4561 /* CustomMapViewController.swift in Sources */ = {isa = PBXBuildFile; fileRef = 53C8810D21507141003F4561 /* CustomMapViewController.swift */; };
		53C8811121507142003F4561 /* MapWidget.storyboard in Resources */ = {isa = PBXBuildFile; fileRef = 53C8810F21507142003F4561 /* MapWidget.storyboard */; };
		53ECE275233DB80100E278CD /* SimulationControlsViewController.swift in Sources */ = {isa = PBXBuildFile; fileRef = 53ECE274233DB80100E278CD /* SimulationControlsViewController.swift */; };
		53ECE278233DB8B500E278CD /* Helpers.swift in Sources */ = {isa = PBXBuildFile; fileRef = 53ECE277233DB8B500E278CD /* Helpers.swift */; };
		939BB577A9E6EE7C5C2406C1 /* Pods_UXSDK_DigMet.framework in Frameworks */ = {isa = PBXBuildFile; fileRef = 32A6398AEE1992AF762BA1AA /* Pods_UXSDK_DigMet.framework */; };
		971DFA1D250B4B9900FD6185 /* zmqHelper.swift in Sources */ = {isa = PBXBuildFile; fileRef = 971DFA1C250B4B9800FD6185 /* zmqHelper.swift */; };
		971DFA1F250B4BBE00FD6185 /* Extensions.swift in Sources */ = {isa = PBXBuildFile; fileRef = 971DFA1E250B4BBE00FD6185 /* Extensions.swift */; };
		971DFA21250B738C00FD6185 /* AircraftHelper.swift in Sources */ = {isa = PBXBuildFile; fileRef = 971DFA20250B738C00FD6185 /* AircraftHelper.swift */; };
		9738BB3E24F9197B000275FA /* Retry.swift in Sources */ = {isa = PBXBuildFile; fileRef = 9738BB3D24F9197B000275FA /* Retry.swift */; };
		9771889024FCDB1A00F9ACA6 /* SticksViewControllerHelper.swift in Sources */ = {isa = PBXBuildFile; fileRef = 9771888F24FCDB1A00F9ACA6 /* SticksViewControllerHelper.swift */; };
		979B35DA24F0173100236AEE /* SticksViewController.swift in Sources */ = {isa = PBXBuildFile; fileRef = 979B35D924F0173100236AEE /* SticksViewController.swift */; };
		979B35DC24F0176B00236AEE /* Sticks.storyboard in Resources */ = {isa = PBXBuildFile; fileRef = 979B35DB24F0176B00236AEE /* Sticks.storyboard */; };
		97C60830250BC5C2007B45AF /* digmet_id_rsa in Resources */ = {isa = PBXBuildFile; fileRef = 97C6082F250BC5C2007B45AF /* digmet_id_rsa */; };
		A452DC382070D8CC00EFBA30 /* AppDelegate.swift in Sources */ = {isa = PBXBuildFile; fileRef = A452DC252070D8CB00EFBA30 /* AppDelegate.swift */; };
		A452DC392070D8CC00EFBA30 /* Assets.xcassets in Resources */ = {isa = PBXBuildFile; fileRef = A452DC262070D8CB00EFBA30 /* Assets.xcassets */; };
		A452DC3A2070D8CC00EFBA30 /* LaunchScreen.storyboard in Resources */ = {isa = PBXBuildFile; fileRef = A452DC272070D8CB00EFBA30 /* LaunchScreen.storyboard */; };
		A452DC3B2070D8CC00EFBA30 /* Main.storyboard in Resources */ = {isa = PBXBuildFile; fileRef = A452DC292070D8CB00EFBA30 /* Main.storyboard */; };
		A452DC3C2070D8CC00EFBA30 /* DefaultLayout.storyboard in Resources */ = {isa = PBXBuildFile; fileRef = A452DC2B2070D8CB00EFBA30 /* DefaultLayout.storyboard */; };
		A452DC3D2070D8CC00EFBA30 /* DefaultLayoutCustomization.storyboard in Resources */ = {isa = PBXBuildFile; fileRef = A452DC2C2070D8CB00EFBA30 /* DefaultLayoutCustomization.storyboard */; };
		A452DC3E2070D8CC00EFBA30 /* DefaultLayoutCustomizationViewController.swift in Sources */ = {isa = PBXBuildFile; fileRef = A452DC2D2070D8CB00EFBA30 /* DefaultLayoutCustomizationViewController.swift */; };
		A452DC3F2070D8CC00EFBA30 /* DefaultLayoutViewController.swift in Sources */ = {isa = PBXBuildFile; fileRef = A452DC2E2070D8CB00EFBA30 /* DefaultLayoutViewController.swift */; };
		A452DC412070D8CC00EFBA30 /* MainViewController.swift in Sources */ = {isa = PBXBuildFile; fileRef = A452DC302070D8CB00EFBA30 /* MainViewController.swift */; };
		A452DC422070D8CC00EFBA30 /* MapWidgetViewController.swift in Sources */ = {isa = PBXBuildFile; fileRef = A452DC312070D8CB00EFBA30 /* MapWidgetViewController.swift */; };
		A452DC432070D8CC00EFBA30 /* MyBatteryWidget.swift in Sources */ = {isa = PBXBuildFile; fileRef = A452DC322070D8CB00EFBA30 /* MyBatteryWidget.swift */; };
		A452DC442070D8CC00EFBA30 /* PanelsCollections.storyboard in Resources */ = {isa = PBXBuildFile; fileRef = A452DC332070D8CB00EFBA30 /* PanelsCollections.storyboard */; };
		A452DC452070D8CC00EFBA30 /* PanelsCollectionsViewController.swift in Sources */ = {isa = PBXBuildFile; fileRef = A452DC342070D8CB00EFBA30 /* PanelsCollectionsViewController.swift */; };
		A452DC462070D8CC00EFBA30 /* ProductCommunicationService.swift in Sources */ = {isa = PBXBuildFile; fileRef = A452DC352070D8CB00EFBA30 /* ProductCommunicationService.swift */; };
		A452DC472070D8CC00EFBA30 /* Widgets.storyboard in Resources */ = {isa = PBXBuildFile; fileRef = A452DC362070D8CB00EFBA30 /* Widgets.storyboard */; };
		A452DC482070D8CC00EFBA30 /* WidgetsViewController.swift in Sources */ = {isa = PBXBuildFile; fileRef = A452DC372070D8CB00EFBA30 /* WidgetsViewController.swift */; };
/* End PBXBuildFile section */

/* Begin PBXCopyFilesBuildPhase section */
		38D2C4751E0B1EF2009A3831 /* Embed Frameworks */ = {
			isa = PBXCopyFilesBuildPhase;
			buildActionMask = 2147483647;
			dstPath = "";
			dstSubfolderSpec = 10;
			files = (
			);
			name = "Embed Frameworks";
			runOnlyForDeploymentPostprocessing = 0;
		};
/* End PBXCopyFilesBuildPhase section */

/* Begin PBXFileReference section */
		17DBF5622DC97C40A90E2419 /* Pods-UXSDK-DigMet.release.xcconfig */ = {isa = PBXFileReference; includeInIndex = 1; lastKnownFileType = text.xcconfig; name = "Pods-UXSDK-DigMet.release.xcconfig"; path = "Target Support Files/Pods-UXSDK-DigMet/Pods-UXSDK-DigMet.release.xcconfig"; sourceTree = "<group>"; };
		32A6398AEE1992AF762BA1AA /* Pods_UXSDK_DigMet.framework */ = {isa = PBXFileReference; explicitFileType = wrapper.framework; includeInIndex = 0; path = Pods_UXSDK_DigMet.framework; sourceTree = BUILT_PRODUCTS_DIR; };
		38D2C47F1E0B1F20009A3831 /* libz.tbd */ = {isa = PBXFileReference; lastKnownFileType = "sourcecode.text-based-dylib-definition"; name = libz.tbd; path = usr/lib/libz.tbd; sourceTree = SDKROOT; };
		5300B461212BDE970015AF46 /* FFmpeg.framework */ = {isa = PBXFileReference; lastKnownFileType = wrapper.framework; name = FFmpeg.framework; path = ../DJIWidget/FFmpeg/FFmpeg.framework; sourceTree = "<group>"; };
		53C8810D21507141003F4561 /* CustomMapViewController.swift */ = {isa = PBXFileReference; fileEncoding = 4; lastKnownFileType = sourcecode.swift; path = CustomMapViewController.swift; sourceTree = "<group>"; };
		53C8810F21507142003F4561 /* MapWidget.storyboard */ = {isa = PBXFileReference; fileEncoding = 4; lastKnownFileType = file.storyboard; path = MapWidget.storyboard; sourceTree = "<group>"; };
		53ECE274233DB80100E278CD /* SimulationControlsViewController.swift */ = {isa = PBXFileReference; lastKnownFileType = sourcecode.swift; path = SimulationControlsViewController.swift; sourceTree = "<group>"; };
		53ECE277233DB8B500E278CD /* Helpers.swift */ = {isa = PBXFileReference; lastKnownFileType = sourcecode.swift; path = Helpers.swift; sourceTree = "<group>"; };
		5B61093CE1A207CD8C40C095 /* Pods-UXSDK-DigMet.debug.xcconfig */ = {isa = PBXFileReference; includeInIndex = 1; lastKnownFileType = text.xcconfig; name = "Pods-UXSDK-DigMet.debug.xcconfig"; path = "Target Support Files/Pods-UXSDK-DigMet/Pods-UXSDK-DigMet.debug.xcconfig"; sourceTree = "<group>"; };
		868A4ED01E01FA53006FEE33 /* UXSDK-DigMet.app */ = {isa = PBXFileReference; explicitFileType = wrapper.application; includeInIndex = 0; path = "UXSDK-DigMet.app"; sourceTree = BUILT_PRODUCTS_DIR; };
		971DFA1C250B4B9800FD6185 /* zmqHelper.swift */ = {isa = PBXFileReference; lastKnownFileType = sourcecode.swift; path = zmqHelper.swift; sourceTree = "<group>"; };
		971DFA1E250B4BBE00FD6185 /* Extensions.swift */ = {isa = PBXFileReference; lastKnownFileType = sourcecode.swift; path = Extensions.swift; sourceTree = "<group>"; };
		971DFA20250B738C00FD6185 /* AircraftHelper.swift */ = {isa = PBXFileReference; lastKnownFileType = sourcecode.swift; path = AircraftHelper.swift; sourceTree = "<group>"; };
		9738BB3D24F9197B000275FA /* Retry.swift */ = {isa = PBXFileReference; lastKnownFileType = sourcecode.swift; path = Retry.swift; sourceTree = "<group>"; };
		9771888F24FCDB1A00F9ACA6 /* SticksViewControllerHelper.swift */ = {isa = PBXFileReference; lastKnownFileType = sourcecode.swift; path = SticksViewControllerHelper.swift; sourceTree = "<group>"; };
		979B35D924F0173100236AEE /* SticksViewController.swift */ = {isa = PBXFileReference; lastKnownFileType = sourcecode.swift; path = SticksViewController.swift; sourceTree = "<group>"; };
		979B35DB24F0176B00236AEE /* Sticks.storyboard */ = {isa = PBXFileReference; lastKnownFileType = file.storyboard; path = Sticks.storyboard; sourceTree = "<group>"; };
		97C6082F250BC5C2007B45AF /* digmet_id_rsa */ = {isa = PBXFileReference; fileEncoding = 4; lastKnownFileType = text; name = digmet_id_rsa; path = ../../../../DIgMet/digmet_id_rsa; sourceTree = "<group>"; };
		A452DC252070D8CB00EFBA30 /* AppDelegate.swift */ = {isa = PBXFileReference; fileEncoding = 4; lastKnownFileType = sourcecode.swift; path = AppDelegate.swift; sourceTree = "<group>"; };
		A452DC262070D8CB00EFBA30 /* Assets.xcassets */ = {isa = PBXFileReference; lastKnownFileType = folder.assetcatalog; path = Assets.xcassets; sourceTree = "<group>"; };
		A452DC282070D8CB00EFBA30 /* Base */ = {isa = PBXFileReference; lastKnownFileType = file.storyboard; name = Base; path = Base.lproj/LaunchScreen.storyboard; sourceTree = "<group>"; };
		A452DC2A2070D8CB00EFBA30 /* Base */ = {isa = PBXFileReference; lastKnownFileType = file.storyboard; name = Base; path = Base.lproj/Main.storyboard; sourceTree = "<group>"; };
		A452DC2B2070D8CB00EFBA30 /* DefaultLayout.storyboard */ = {isa = PBXFileReference; fileEncoding = 4; lastKnownFileType = file.storyboard; path = DefaultLayout.storyboard; sourceTree = "<group>"; };
		A452DC2C2070D8CB00EFBA30 /* DefaultLayoutCustomization.storyboard */ = {isa = PBXFileReference; fileEncoding = 4; lastKnownFileType = file.storyboard; path = DefaultLayoutCustomization.storyboard; sourceTree = "<group>"; };
		A452DC2D2070D8CB00EFBA30 /* DefaultLayoutCustomizationViewController.swift */ = {isa = PBXFileReference; fileEncoding = 4; lastKnownFileType = sourcecode.swift; path = DefaultLayoutCustomizationViewController.swift; sourceTree = "<group>"; };
		A452DC2E2070D8CB00EFBA30 /* DefaultLayoutViewController.swift */ = {isa = PBXFileReference; fileEncoding = 4; lastKnownFileType = sourcecode.swift; path = DefaultLayoutViewController.swift; sourceTree = "<group>"; };
		A452DC2F2070D8CB00EFBA30 /* Info.plist */ = {isa = PBXFileReference; fileEncoding = 4; lastKnownFileType = text.plist.xml; path = Info.plist; sourceTree = "<group>"; };
		A452DC302070D8CB00EFBA30 /* MainViewController.swift */ = {isa = PBXFileReference; fileEncoding = 4; lastKnownFileType = sourcecode.swift; path = MainViewController.swift; sourceTree = "<group>"; };
		A452DC312070D8CB00EFBA30 /* MapWidgetViewController.swift */ = {isa = PBXFileReference; fileEncoding = 4; lastKnownFileType = sourcecode.swift; path = MapWidgetViewController.swift; sourceTree = "<group>"; };
		A452DC322070D8CB00EFBA30 /* MyBatteryWidget.swift */ = {isa = PBXFileReference; fileEncoding = 4; lastKnownFileType = sourcecode.swift; path = MyBatteryWidget.swift; sourceTree = "<group>"; };
		A452DC332070D8CB00EFBA30 /* PanelsCollections.storyboard */ = {isa = PBXFileReference; fileEncoding = 4; lastKnownFileType = file.storyboard; path = PanelsCollections.storyboard; sourceTree = "<group>"; };
		A452DC342070D8CB00EFBA30 /* PanelsCollectionsViewController.swift */ = {isa = PBXFileReference; fileEncoding = 4; lastKnownFileType = sourcecode.swift; path = PanelsCollectionsViewController.swift; sourceTree = "<group>"; };
		A452DC352070D8CB00EFBA30 /* ProductCommunicationService.swift */ = {isa = PBXFileReference; fileEncoding = 4; lastKnownFileType = sourcecode.swift; path = ProductCommunicationService.swift; sourceTree = "<group>"; };
		A452DC362070D8CB00EFBA30 /* Widgets.storyboard */ = {isa = PBXFileReference; fileEncoding = 4; lastKnownFileType = file.storyboard; path = Widgets.storyboard; sourceTree = "<group>"; };
		A452DC372070D8CB00EFBA30 /* WidgetsViewController.swift */ = {isa = PBXFileReference; fileEncoding = 4; lastKnownFileType = sourcecode.swift; path = WidgetsViewController.swift; sourceTree = "<group>"; };
/* End PBXFileReference section */

/* Begin PBXFrameworksBuildPhase section */
		868A4ECD1E01FA53006FEE33 /* Frameworks */ = {
			isa = PBXFrameworksBuildPhase;
			buildActionMask = 2147483647;
			files = (
				939BB577A9E6EE7C5C2406C1 /* Pods_UXSDK_DigMet.framework in Frameworks */,
			);
			runOnlyForDeploymentPostprocessing = 0;
		};
/* End PBXFrameworksBuildPhase section */

/* Begin PBXGroup section */
		38D2C47E1E0B1F20009A3831 /* Frameworks */ = {
			isa = PBXGroup;
			children = (
				5300B461212BDE970015AF46 /* FFmpeg.framework */,
				38D2C47F1E0B1F20009A3831 /* libz.tbd */,
				32A6398AEE1992AF762BA1AA /* Pods_UXSDK_DigMet.framework */,
			);
			name = Frameworks;
			sourceTree = "<group>";
		};
		4D9BDACF6F6942DDFF44C784 /* Pods */ = {
			isa = PBXGroup;
			children = (
				5B61093CE1A207CD8C40C095 /* Pods-UXSDK-DigMet.debug.xcconfig */,
				17DBF5622DC97C40A90E2419 /* Pods-UXSDK-DigMet.release.xcconfig */,
			);
			path = Pods;
			sourceTree = "<group>";
		};
		53ECE273233DB7B400E278CD /* MainScreen */ = {
			isa = PBXGroup;
			children = (
				A452DC302070D8CB00EFBA30 /* MainViewController.swift */,
				53ECE274233DB80100E278CD /* SimulationControlsViewController.swift */,
				A452DC292070D8CB00EFBA30 /* Main.storyboard */,
			);
			path = MainScreen;
			sourceTree = "<group>";
		};
		53ECE276233DB88300E278CD /* Helpers */ = {
			isa = PBXGroup;
			children = (
				53ECE277233DB8B500E278CD /* Helpers.swift */,
			);
			path = Helpers;
			sourceTree = "<group>";
		};
		53EDD5F12346F384002E28AF /* ProductCommunication */ = {
			isa = PBXGroup;
			children = (
				A452DC352070D8CB00EFBA30 /* ProductCommunicationService.swift */,
			);
			path = ProductCommunication;
			sourceTree = "<group>";
		};
		53EDD5F22346F3FC002E28AF /* DefaultLayout */ = {
			isa = PBXGroup;
			children = (
				A452DC2B2070D8CB00EFBA30 /* DefaultLayout.storyboard */,
				A452DC2C2070D8CB00EFBA30 /* DefaultLayoutCustomization.storyboard */,
				A452DC2D2070D8CB00EFBA30 /* DefaultLayoutCustomizationViewController.swift */,
				A452DC2E2070D8CB00EFBA30 /* DefaultLayoutViewController.swift */,
			);
			path = DefaultLayout;
			sourceTree = "<group>";
		};
		53EDD5F42346F425002E28AF /* MapWidget */ = {
			isa = PBXGroup;
			children = (
				A452DC312070D8CB00EFBA30 /* MapWidgetViewController.swift */,
				53C8810D21507141003F4561 /* CustomMapViewController.swift */,
				53C8810F21507142003F4561 /* MapWidget.storyboard */,
			);
			path = MapWidget;
			sourceTree = "<group>";
		};
		53EDD5F52346F43E002E28AF /* CustomWidget */ = {
			isa = PBXGroup;
			children = (
				A452DC322070D8CB00EFBA30 /* MyBatteryWidget.swift */,
			);
			path = CustomWidget;
			sourceTree = "<group>";
		};
		53EDD5F62346F456002E28AF /* WidgetsCatalog */ = {
			isa = PBXGroup;
			children = (
				A452DC362070D8CB00EFBA30 /* Widgets.storyboard */,
				A452DC372070D8CB00EFBA30 /* WidgetsViewController.swift */,
			);
			path = WidgetsCatalog;
			sourceTree = "<group>";
		};
		53EDD5F72346F45D002E28AF /* PanelsCatalog */ = {
			isa = PBXGroup;
			children = (
				A452DC332070D8CB00EFBA30 /* PanelsCollections.storyboard */,
				A452DC342070D8CB00EFBA30 /* PanelsCollectionsViewController.swift */,
			);
			path = PanelsCatalog;
			sourceTree = "<group>";
		};
		868A4EC71E01FA53006FEE33 = {
			isa = PBXGroup;
			children = (
				A452DC242070D8CB00EFBA30 /* UXSDK-DigMet */,
				868A4ED11E01FA53006FEE33 /* Products */,
				38D2C47E1E0B1F20009A3831 /* Frameworks */,
				4D9BDACF6F6942DDFF44C784 /* Pods */,
			);
			sourceTree = "<group>";
		};
		868A4ED11E01FA53006FEE33 /* Products */ = {
			isa = PBXGroup;
			children = (
				868A4ED01E01FA53006FEE33 /* UXSDK-DigMet.app */,
			);
			name = Products;
			sourceTree = "<group>";
		};
		979B35D224F0165800236AEE /* Sticks */ = {
			isa = PBXGroup;
			children = (
				979B35D924F0173100236AEE /* SticksViewController.swift */,
				971DFA1E250B4BBE00FD6185 /* Extensions.swift */,
				971DFA1C250B4B9800FD6185 /* zmqHelper.swift */,
				9738BB3D24F9197B000275FA /* Retry.swift */,
				979B35DB24F0176B00236AEE /* Sticks.storyboard */,
				9771888F24FCDB1A00F9ACA6 /* SticksViewControllerHelper.swift */,
				971DFA20250B738C00FD6185 /* AircraftHelper.swift */,
			);
			path = Sticks;
			sourceTree = "<group>";
		};
		A452DC242070D8CB00EFBA30 /* UXSDK-DigMet */ = {
			isa = PBXGroup;
			children = (
				979B35D224F0165800236AEE /* Sticks */,
				A452DC252070D8CB00EFBA30 /* AppDelegate.swift */,
				A452DC262070D8CB00EFBA30 /* Assets.xcassets */,
				97C6082F250BC5C2007B45AF /* digmet_id_rsa */,
				A452DC272070D8CB00EFBA30 /* LaunchScreen.storyboard */,
				A452DC2F2070D8CB00EFBA30 /* Info.plist */,
				53EDD5F12346F384002E28AF /* ProductCommunication */,
				53ECE276233DB88300E278CD /* Helpers */,
				53ECE273233DB7B400E278CD /* MainScreen */,
				53EDD5F22346F3FC002E28AF /* DefaultLayout */,
				53EDD5F42346F425002E28AF /* MapWidget */,
				53EDD5F52346F43E002E28AF /* CustomWidget */,
				53EDD5F72346F45D002E28AF /* PanelsCatalog */,
				53EDD5F62346F456002E28AF /* WidgetsCatalog */,
			);
			path = "UXSDK-DigMet";
			sourceTree = "<group>";
		};
/* End PBXGroup section */

/* Begin PBXNativeTarget section */
		868A4ECF1E01FA53006FEE33 /* UXSDK-DigMet */ = {
			isa = PBXNativeTarget;
			buildConfigurationList = 868A4EE41E01FA53006FEE33 /* Build configuration list for PBXNativeTarget "UXSDK-DigMet" */;
			buildPhases = (
				1E17AEC644FE1D85759C768C /* [CP] Check Pods Manifest.lock */,
				868A4ECC1E01FA53006FEE33 /* Sources */,
				868A4ECD1E01FA53006FEE33 /* Frameworks */,
				868A4ECE1E01FA53006FEE33 /* Resources */,
				38D2C4751E0B1EF2009A3831 /* Embed Frameworks */,
				3E609FEF4FE303A862828272 /* [CP] Embed Pods Frameworks */,
				4523B27DB434C8DEEFB92912 /* [CP] Copy Pods Resources */,
			);
			buildRules = (
			);
			dependencies = (
			);
			name = "UXSDK-DigMet";
			productName = "UILib Sample";
			productReference = 868A4ED01E01FA53006FEE33 /* UXSDK-DigMet.app */;
			productType = "com.apple.product-type.application";
		};
/* End PBXNativeTarget section */

/* Begin PBXProject section */
		868A4EC81E01FA53006FEE33 /* Project object */ = {
			isa = PBXProject;
			attributes = {
				LastSwiftUpdateCheck = 0820;
				LastUpgradeCheck = 0820;
				ORGANIZATIONNAME = DJI;
				TargetAttributes = {
					868A4ECF1E01FA53006FEE33 = {
						CreatedOnToolsVersion = 8.2;
						DevelopmentTeam = NXX4YWHU78;
						LastSwiftMigration = 0820;
						ProvisioningStyle = Automatic;
					};
				};
			};
			buildConfigurationList = 868A4ECB1E01FA53006FEE33 /* Build configuration list for PBXProject "UXSDK-DigMet" */;
			compatibilityVersion = "Xcode 3.2";
			developmentRegion = English;
			hasScannedForEncodings = 0;
			knownRegions = (
				English,
				en,
				Base,
			);
			mainGroup = 868A4EC71E01FA53006FEE33;
			productRefGroup = 868A4ED11E01FA53006FEE33 /* Products */;
			projectDirPath = "";
			projectRoot = "";
			targets = (
				868A4ECF1E01FA53006FEE33 /* UXSDK-DigMet */,
			);
		};
/* End PBXProject section */

/* Begin PBXResourcesBuildPhase section */
		868A4ECE1E01FA53006FEE33 /* Resources */ = {
			isa = PBXResourcesBuildPhase;
			buildActionMask = 2147483647;
			files = (
				A452DC3C2070D8CC00EFBA30 /* DefaultLayout.storyboard in Resources */,
				A452DC3A2070D8CC00EFBA30 /* LaunchScreen.storyboard in Resources */,
				97C60830250BC5C2007B45AF /* digmet_id_rsa in Resources */,
				A452DC3B2070D8CC00EFBA30 /* Main.storyboard in Resources */,
				A452DC3D2070D8CC00EFBA30 /* DefaultLayoutCustomization.storyboard in Resources */,
				A452DC442070D8CC00EFBA30 /* PanelsCollections.storyboard in Resources */,
				A452DC472070D8CC00EFBA30 /* Widgets.storyboard in Resources */,
				979B35DC24F0176B00236AEE /* Sticks.storyboard in Resources */,
				53C8811121507142003F4561 /* MapWidget.storyboard in Resources */,
				A452DC392070D8CC00EFBA30 /* Assets.xcassets in Resources */,
			);
			runOnlyForDeploymentPostprocessing = 0;
		};
/* End PBXResourcesBuildPhase section */

/* Begin PBXShellScriptBuildPhase section */
		1E17AEC644FE1D85759C768C /* [CP] Check Pods Manifest.lock */ = {
			isa = PBXShellScriptBuildPhase;
			buildActionMask = 2147483647;
			files = (
			);
			inputFileListPaths = (
			);
			inputPaths = (
				"${PODS_PODFILE_DIR_PATH}/Podfile.lock",
				"${PODS_ROOT}/Manifest.lock",
			);
			name = "[CP] Check Pods Manifest.lock";
			outputFileListPaths = (
			);
			outputPaths = (
				"$(DERIVED_FILE_DIR)/Pods-UXSDK-DigMet-checkManifestLockResult.txt",
			);
			runOnlyForDeploymentPostprocessing = 0;
			shellPath = /bin/sh;
			shellScript = "diff \"${PODS_PODFILE_DIR_PATH}/Podfile.lock\" \"${PODS_ROOT}/Manifest.lock\" > /dev/null\nif [ $? != 0 ] ; then\n    # print error to STDERR\n    echo \"error: The sandbox is not in sync with the Podfile.lock. Run 'pod install' or update your CocoaPods installation.\" >&2\n    exit 1\nfi\n# This output is used by Xcode 'outputs' to avoid re-running this script phase.\necho \"SUCCESS\" > \"${SCRIPT_OUTPUT_FILE_0}\"\n";
			showEnvVarsInLog = 0;
		};
		3E609FEF4FE303A862828272 /* [CP] Embed Pods Frameworks */ = {
			isa = PBXShellScriptBuildPhase;
			buildActionMask = 2147483647;
			files = (
			);
			inputPaths = (
				"${PODS_ROOT}/Target Support Files/Pods-UXSDK-DigMet/Pods-UXSDK-DigMet-frameworks.sh",
				"${PODS_ROOT}/DJI-SDK-iOS/iOS_Mobile_SDK/DJISDK.framework",
				"${PODS_ROOT}/DJI-UXSDK-iOS/iOS_UX_SDK/DJIUXSDK.framework",
				"${PODS_ROOT}/DJIWidget/FFmpeg/FFmpeg.framework",
				"${BUILT_PRODUCTS_DIR}/DJIWidget/DJIWidget.framework",
				"${BUILT_PRODUCTS_DIR}/NMSSH/NMSSH.framework",
				"${BUILT_PRODUCTS_DIR}/SwiftyJSON/SwiftyJSON.framework",
				"${BUILT_PRODUCTS_DIR}/SwiftyZeroMQ/SwiftyZeroMQ.framework",
				"${BUILT_PRODUCTS_DIR}/iOS-Color-Picker/iOS_Color_Picker.framework",
			);
			name = "[CP] Embed Pods Frameworks";
			outputPaths = (
				"${TARGET_BUILD_DIR}/${FRAMEWORKS_FOLDER_PATH}/DJISDK.framework",
				"${TARGET_BUILD_DIR}/${FRAMEWORKS_FOLDER_PATH}/DJIUXSDK.framework",
				"${TARGET_BUILD_DIR}/${FRAMEWORKS_FOLDER_PATH}/FFmpeg.framework",
				"${TARGET_BUILD_DIR}/${FRAMEWORKS_FOLDER_PATH}/DJIWidget.framework",
				"${TARGET_BUILD_DIR}/${FRAMEWORKS_FOLDER_PATH}/NMSSH.framework",
				"${TARGET_BUILD_DIR}/${FRAMEWORKS_FOLDER_PATH}/SwiftyJSON.framework",
				"${TARGET_BUILD_DIR}/${FRAMEWORKS_FOLDER_PATH}/SwiftyZeroMQ.framework",
				"${TARGET_BUILD_DIR}/${FRAMEWORKS_FOLDER_PATH}/iOS_Color_Picker.framework",
			);
			runOnlyForDeploymentPostprocessing = 0;
			shellPath = /bin/sh;
			shellScript = "\"${PODS_ROOT}/Target Support Files/Pods-UXSDK-DigMet/Pods-UXSDK-DigMet-frameworks.sh\"\n";
			showEnvVarsInLog = 0;
		};
		4523B27DB434C8DEEFB92912 /* [CP] Copy Pods Resources */ = {
			isa = PBXShellScriptBuildPhase;
			buildActionMask = 2147483647;
			files = (
			);
			inputPaths = (
				"${PODS_ROOT}/Target Support Files/Pods-UXSDK-DigMet/Pods-UXSDK-DigMet-resources.sh",
				"${PODS_ROOT}/DJIFlySafeDatabaseResource/DJIFlySafeDatabaseResource.bundle",
			);
			name = "[CP] Copy Pods Resources";
			outputPaths = (
				"${TARGET_BUILD_DIR}/${UNLOCALIZED_RESOURCES_FOLDER_PATH}/DJIFlySafeDatabaseResource.bundle",
			);
			runOnlyForDeploymentPostprocessing = 0;
			shellPath = /bin/sh;
			shellScript = "\"${PODS_ROOT}/Target Support Files/Pods-UXSDK-DigMet/Pods-UXSDK-DigMet-resources.sh\"\n";
			showEnvVarsInLog = 0;
		};
/* End PBXShellScriptBuildPhase section */

/* Begin PBXSourcesBuildPhase section */
		868A4ECC1E01FA53006FEE33 /* Sources */ = {
			isa = PBXSourcesBuildPhase;
			buildActionMask = 2147483647;
			files = (
				9771889024FCDB1A00F9ACA6 /* SticksViewControllerHelper.swift in Sources */,
				53C8811021507142003F4561 /* CustomMapViewController.swift in Sources */,
				971DFA1D250B4B9900FD6185 /* zmqHelper.swift in Sources */,
				A452DC452070D8CC00EFBA30 /* PanelsCollectionsViewController.swift in Sources */,
				A452DC412070D8CC00EFBA30 /* MainViewController.swift in Sources */,
				A452DC462070D8CC00EFBA30 /* ProductCommunicationService.swift in Sources */,
				9738BB3E24F9197B000275FA /* Retry.swift in Sources */,
				A452DC422070D8CC00EFBA30 /* MapWidgetViewController.swift in Sources */,
				A452DC3E2070D8CC00EFBA30 /* DefaultLayoutCustomizationViewController.swift in Sources */,
				A452DC482070D8CC00EFBA30 /* WidgetsViewController.swift in Sources */,
				A452DC432070D8CC00EFBA30 /* MyBatteryWidget.swift in Sources */,
				53ECE275233DB80100E278CD /* SimulationControlsViewController.swift in Sources */,
				53ECE278233DB8B500E278CD /* Helpers.swift in Sources */,
				A452DC382070D8CC00EFBA30 /* AppDelegate.swift in Sources */,
				971DFA1F250B4BBE00FD6185 /* Extensions.swift in Sources */,
				971DFA21250B738C00FD6185 /* AircraftHelper.swift in Sources */,
				A452DC3F2070D8CC00EFBA30 /* DefaultLayoutViewController.swift in Sources */,
				979B35DA24F0173100236AEE /* SticksViewController.swift in Sources */,
			);
			runOnlyForDeploymentPostprocessing = 0;
		};
/* End PBXSourcesBuildPhase section */

/* Begin PBXVariantGroup section */
		A452DC272070D8CB00EFBA30 /* LaunchScreen.storyboard */ = {
			isa = PBXVariantGroup;
			children = (
				A452DC282070D8CB00EFBA30 /* Base */,
			);
			name = LaunchScreen.storyboard;
			sourceTree = "<group>";
		};
		A452DC292070D8CB00EFBA30 /* Main.storyboard */ = {
			isa = PBXVariantGroup;
			children = (
				A452DC2A2070D8CB00EFBA30 /* Base */,
			);
			name = Main.storyboard;
			sourceTree = "<group>";
		};
/* End PBXVariantGroup section */

/* Begin XCBuildConfiguration section */
		868A4EE21E01FA53006FEE33 /* Debug */ = {
			isa = XCBuildConfiguration;
			buildSettings = {
				ALWAYS_SEARCH_USER_PATHS = NO;
				CLANG_ANALYZER_NONNULL = YES;
				CLANG_CXX_LANGUAGE_STANDARD = "gnu++0x";
				CLANG_CXX_LIBRARY = "libc++";
				CLANG_ENABLE_MODULES = YES;
				CLANG_ENABLE_OBJC_ARC = YES;
				CLANG_WARN_BOOL_CONVERSION = YES;
				CLANG_WARN_CONSTANT_CONVERSION = YES;
				CLANG_WARN_DIRECT_OBJC_ISA_USAGE = YES_ERROR;
				CLANG_WARN_DOCUMENTATION_COMMENTS = YES;
				CLANG_WARN_EMPTY_BODY = YES;
				CLANG_WARN_ENUM_CONVERSION = YES;
				CLANG_WARN_INFINITE_RECURSION = YES;
				CLANG_WARN_INT_CONVERSION = YES;
				CLANG_WARN_OBJC_ROOT_CLASS = YES_ERROR;
				CLANG_WARN_SUSPICIOUS_MOVE = YES;
				CLANG_WARN_UNREACHABLE_CODE = YES;
				CLANG_WARN__DUPLICATE_METHOD_MATCH = YES;
				"CODE_SIGN_IDENTITY[sdk=iphoneos*]" = "iPhone Developer";
				COPY_PHASE_STRIP = NO;
				DEBUG_INFORMATION_FORMAT = dwarf;
				ENABLE_STRICT_OBJC_MSGSEND = YES;
				ENABLE_TESTABILITY = YES;
				GCC_C_LANGUAGE_STANDARD = gnu99;
				GCC_DYNAMIC_NO_PIC = NO;
				GCC_NO_COMMON_BLOCKS = YES;
				GCC_OPTIMIZATION_LEVEL = 0;
				GCC_PREPROCESSOR_DEFINITIONS = (
					"DEBUG=1",
					"$(inherited)",
				);
				GCC_WARN_64_TO_32_BIT_CONVERSION = YES;
				GCC_WARN_ABOUT_RETURN_TYPE = YES_ERROR;
				GCC_WARN_UNDECLARED_SELECTOR = YES;
				GCC_WARN_UNINITIALIZED_AUTOS = YES_AGGRESSIVE;
				GCC_WARN_UNUSED_FUNCTION = YES;
				GCC_WARN_UNUSED_VARIABLE = YES;
				IPHONEOS_DEPLOYMENT_TARGET = 10.2;
				MTL_ENABLE_DEBUG_INFO = YES;
				ONLY_ACTIVE_ARCH = YES;
				SDKROOT = iphoneos;
				SWIFT_ACTIVE_COMPILATION_CONDITIONS = DEBUG;
				SWIFT_OPTIMIZATION_LEVEL = "-Onone";
				TARGETED_DEVICE_FAMILY = 2;
			};
			name = Debug;
		};
		868A4EE31E01FA53006FEE33 /* Release */ = {
			isa = XCBuildConfiguration;
			buildSettings = {
				ALWAYS_SEARCH_USER_PATHS = NO;
				CLANG_ANALYZER_NONNULL = YES;
				CLANG_CXX_LANGUAGE_STANDARD = "gnu++0x";
				CLANG_CXX_LIBRARY = "libc++";
				CLANG_ENABLE_MODULES = YES;
				CLANG_ENABLE_OBJC_ARC = YES;
				CLANG_WARN_BOOL_CONVERSION = YES;
				CLANG_WARN_CONSTANT_CONVERSION = YES;
				CLANG_WARN_DIRECT_OBJC_ISA_USAGE = YES_ERROR;
				CLANG_WARN_DOCUMENTATION_COMMENTS = YES;
				CLANG_WARN_EMPTY_BODY = YES;
				CLANG_WARN_ENUM_CONVERSION = YES;
				CLANG_WARN_INFINITE_RECURSION = YES;
				CLANG_WARN_INT_CONVERSION = YES;
				CLANG_WARN_OBJC_ROOT_CLASS = YES_ERROR;
				CLANG_WARN_SUSPICIOUS_MOVE = YES;
				CLANG_WARN_UNREACHABLE_CODE = YES;
				CLANG_WARN__DUPLICATE_METHOD_MATCH = YES;
				"CODE_SIGN_IDENTITY[sdk=iphoneos*]" = "iPhone Developer";
				COPY_PHASE_STRIP = NO;
				DEBUG_INFORMATION_FORMAT = "dwarf-with-dsym";
				ENABLE_NS_ASSERTIONS = NO;
				ENABLE_STRICT_OBJC_MSGSEND = YES;
				GCC_C_LANGUAGE_STANDARD = gnu99;
				GCC_NO_COMMON_BLOCKS = YES;
				GCC_WARN_64_TO_32_BIT_CONVERSION = YES;
				GCC_WARN_ABOUT_RETURN_TYPE = YES_ERROR;
				GCC_WARN_UNDECLARED_SELECTOR = YES;
				GCC_WARN_UNINITIALIZED_AUTOS = YES_AGGRESSIVE;
				GCC_WARN_UNUSED_FUNCTION = YES;
				GCC_WARN_UNUSED_VARIABLE = YES;
				IPHONEOS_DEPLOYMENT_TARGET = 10.2;
				MTL_ENABLE_DEBUG_INFO = NO;
				SDKROOT = iphoneos;
				SWIFT_OPTIMIZATION_LEVEL = "-Owholemodule";
				TARGETED_DEVICE_FAMILY = 2;
				VALIDATE_PRODUCT = YES;
			};
			name = Release;
		};
		868A4EE51E01FA53006FEE33 /* Debug */ = {
			isa = XCBuildConfiguration;
			baseConfigurationReference = 5B61093CE1A207CD8C40C095 /* Pods-UXSDK-DigMet.debug.xcconfig */;
			buildSettings = {
				ASSETCATALOG_COMPILER_APPICON_NAME = AppIcon;
				DEVELOPMENT_TEAM = NXX4YWHU78;
				EMBED_ASSET_PACKS_IN_PRODUCT_BUNDLE = NO;
				ENABLE_BITCODE = NO;
				FRAMEWORK_SEARCH_PATHS = (
					"$(inherited)",
					"$(PROJECT_DIR)/Frameworks",
					"$(PROJECT_DIR)/../DJIWidget/**",
				);
				HEADER_SEARCH_PATHS = "\"$(SRCROOT)/Frameworks/VideoPreviewer/VideoPreviewer/ffmpeg/include\"/**";
				INFOPLIST_FILE = "$(SRCROOT)/UXSDK-DigMet/Info.plist";
				IPHONEOS_DEPLOYMENT_TARGET = 13.5;
				LD_RUNPATH_SEARCH_PATHS = "$(inherited) @executable_path/Frameworks";
				LIBRARY_SEARCH_PATHS = (
					"$(inherited)",
					"$(PROJECT_DIR)/Frameworks/VideoPreviewer/VideoPreviewer/ffmpeg/lib",
				);
				PRODUCT_BUNDLE_IDENTIFIER = se.rise.digmet.ux;
				PRODUCT_NAME = "$(TARGET_NAME)";
				SWIFT_VERSION = 4.2;
				TARGETED_DEVICE_FAMILY = "1,2";
				VALID_ARCHS = "arm64 arm64e x86_64";
			};
			name = Debug;
		};
		868A4EE61E01FA53006FEE33 /* Release */ = {
			isa = XCBuildConfiguration;
			baseConfigurationReference = 17DBF5622DC97C40A90E2419 /* Pods-UXSDK-DigMet.release.xcconfig */;
			buildSettings = {
				ASSETCATALOG_COMPILER_APPICON_NAME = AppIcon;
				DEVELOPMENT_TEAM = NXX4YWHU78;
				EMBED_ASSET_PACKS_IN_PRODUCT_BUNDLE = NO;
				ENABLE_BITCODE = NO;
				FRAMEWORK_SEARCH_PATHS = (
					"$(inherited)",
					"$(PROJECT_DIR)/Frameworks",
					"$(PROJECT_DIR)/../DJIWidget/**",
				);
				HEADER_SEARCH_PATHS = "\"$(SRCROOT)/Frameworks/VideoPreviewer/VideoPreviewer/ffmpeg/include\"/**";
				INFOPLIST_FILE = "$(SRCROOT)/UXSDK-DigMet/Info.plist";
				IPHONEOS_DEPLOYMENT_TARGET = 13.5;
				LD_RUNPATH_SEARCH_PATHS = "$(inherited) @executable_path/Frameworks";
				LIBRARY_SEARCH_PATHS = (
					"$(inherited)",
					"$(PROJECT_DIR)/Frameworks/VideoPreviewer/VideoPreviewer/ffmpeg/lib",
				);
				PRODUCT_BUNDLE_IDENTIFIER = se.rise.digmet.ux;
				PRODUCT_NAME = "$(TARGET_NAME)";
				SWIFT_VERSION = 4.2;
				TARGETED_DEVICE_FAMILY = "1,2";
				VALID_ARCHS = "arm64 arm64e x86_64";
			};
			name = Release;
		};
/* End XCBuildConfiguration section */

/* Begin XCConfigurationList section */
		868A4ECB1E01FA53006FEE33 /* Build configuration list for PBXProject "UXSDK-DigMet" */ = {
			isa = XCConfigurationList;
			buildConfigurations = (
				868A4EE21E01FA53006FEE33 /* Debug */,
				868A4EE31E01FA53006FEE33 /* Release */,
			);
			defaultConfigurationIsVisible = 0;
			defaultConfigurationName = Release;
		};
		868A4EE41E01FA53006FEE33 /* Build configuration list for PBXNativeTarget "UXSDK-DigMet" */ = {
			isa = XCConfigurationList;
			buildConfigurations = (
				868A4EE51E01FA53006FEE33 /* Debug */,
				868A4EE61E01FA53006FEE33 /* Release */,
			);
			defaultConfigurationIsVisible = 0;
			defaultConfigurationName = Release;
		};
/* End XCConfigurationList section */
	};
	rootObject = 868A4EC81E01FA53006FEE33 /* Project object */;
}
