// !$*UTF8*$!
{
	archiveVersion = 1;
	classes = {
	};
	objectVersion = 46;
	objects = {

/* Begin PBXBuildFile section */
		9F72678442AB55A937024AEB /* Pods_UXSDKOCSample.framework in Frameworks */ = {isa = PBXBuildFile; fileRef = A37A3FEA170FD6D0953B3589 /* Pods_UXSDKOCSample.framework */; };
		ACFBF812207C24250058A720 /* WidgetsViewController.m in Sources */ = {isa = PBXBuildFile; fileRef = ACFBF7FC207C24250058A720 /* WidgetsViewController.m */; };
		ACFBF813207C24250058A720 /* MyBatteryWidget.m in Sources */ = {isa = PBXBuildFile; fileRef = ACFBF7FF207C24250058A720 /* MyBatteryWidget.m */; };
		ACFBF814207C24250058A720 /* Assets.xcassets in Resources */ = {isa = PBXBuildFile; fileRef = ACFBF801207C24250058A720 /* Assets.xcassets */; };
		ACFBF815207C24250058A720 /* PanelsCollections.storyboard in Resources */ = {isa = PBXBuildFile; fileRef = ACFBF802207C24250058A720 /* PanelsCollections.storyboard */; };
		ACFBF816207C24250058A720 /* LaunchScreen.storyboard in Resources */ = {isa = PBXBuildFile; fileRef = ACFBF803207C24250058A720 /* LaunchScreen.storyboard */; };
		ACFBF817207C24250058A720 /* Main.storyboard in Resources */ = {isa = PBXBuildFile; fileRef = ACFBF805207C24250058A720 /* Main.storyboard */; };
		ACFBF818207C24250058A720 /* MainViewController.m in Sources */ = {isa = PBXBuildFile; fileRef = ACFBF807207C24250058A720 /* MainViewController.m */; };
		ACFBF819207C24250058A720 /* main.m in Sources */ = {isa = PBXBuildFile; fileRef = ACFBF809207C24250058A720 /* main.m */; };
		ACFBF81A207C24250058A720 /* DefaultLayout.storyboard in Resources */ = {isa = PBXBuildFile; fileRef = ACFBF80A207C24250058A720 /* DefaultLayout.storyboard */; };
		ACFBF81B207C24250058A720 /* AppDelegate.m in Sources */ = {isa = PBXBuildFile; fileRef = ACFBF80B207C24250058A720 /* AppDelegate.m */; };
		ACFBF81C207C24250058A720 /* DefaultLayoutViewController.m in Sources */ = {isa = PBXBuildFile; fileRef = ACFBF80C207C24250058A720 /* DefaultLayoutViewController.m */; };
		ACFBF81D207C24250058A720 /* PanelsCollectionsViewController.m in Sources */ = {isa = PBXBuildFile; fileRef = ACFBF80D207C24250058A720 /* PanelsCollectionsViewController.m */; };
		ACFBF81F207C24250058A720 /* Widgets.storyboard in Resources */ = {isa = PBXBuildFile; fileRef = ACFBF811207C24250058A720 /* Widgets.storyboard */; };
/* End PBXBuildFile section */

/* Begin PBXCopyFilesBuildPhase section */
		A4A189451EA12B4700D06BF0 /* Embed Frameworks */ = {
			isa = PBXCopyFilesBuildPhase;
			buildActionMask = 2147483647;
			dstPath = "";
			dstSubfolderSpec = 10;
			files = (
			);
			name = "Embed Frameworks";
			runOnlyForDeploymentPostprocessing = 0;
		};
/* End PBXCopyFilesBuildPhase section */

/* Begin PBXFileReference section */
		06EE100A9FE67BED56866C40 /* Pods-UXSDKOCSample.release.xcconfig */ = {isa = PBXFileReference; includeInIndex = 1; lastKnownFileType = text.xcconfig; name = "Pods-UXSDKOCSample.release.xcconfig"; path = "Pods/Target Support Files/Pods-UXSDKOCSample/Pods-UXSDKOCSample.release.xcconfig"; sourceTree = "<group>"; };
		A37A3FEA170FD6D0953B3589 /* Pods_UXSDKOCSample.framework */ = {isa = PBXFileReference; explicitFileType = wrapper.framework; includeInIndex = 0; path = Pods_UXSDKOCSample.framework; sourceTree = BUILT_PRODUCTS_DIR; };
		A4A189081EA1291E00D06BF0 /* UXSDKOCSample.app */ = {isa = PBXFileReference; explicitFileType = wrapper.application; includeInIndex = 0; path = UXSDKOCSample.app; sourceTree = BUILT_PRODUCTS_DIR; };
		ACFBF7FC207C24250058A720 /* WidgetsViewController.m */ = {isa = PBXFileReference; fileEncoding = 4; lastKnownFileType = sourcecode.c.objc; path = WidgetsViewController.m; sourceTree = "<group>"; };
		ACFBF7FD207C24250058A720 /* DefaultLayoutViewController.h */ = {isa = PBXFileReference; fileEncoding = 4; lastKnownFileType = sourcecode.c.h; path = DefaultLayoutViewController.h; sourceTree = "<group>"; };
		ACFBF7FE207C24250058A720 /* AppDelegate.h */ = {isa = PBXFileReference; fileEncoding = 4; lastKnownFileType = sourcecode.c.h; path = AppDelegate.h; sourceTree = "<group>"; };
		ACFBF7FF207C24250058A720 /* MyBatteryWidget.m */ = {isa = PBXFileReference; fileEncoding = 4; lastKnownFileType = sourcecode.c.objc; path = MyBatteryWidget.m; sourceTree = "<group>"; };
		ACFBF800207C24250058A720 /* PanelsCollectionsViewController.h */ = {isa = PBXFileReference; fileEncoding = 4; lastKnownFileType = sourcecode.c.h; path = PanelsCollectionsViewController.h; sourceTree = "<group>"; };
		ACFBF801207C24250058A720 /* Assets.xcassets */ = {isa = PBXFileReference; lastKnownFileType = folder.assetcatalog; path = Assets.xcassets; sourceTree = "<group>"; };
		ACFBF802207C24250058A720 /* PanelsCollections.storyboard */ = {isa = PBXFileReference; fileEncoding = 4; lastKnownFileType = file.storyboard; path = PanelsCollections.storyboard; sourceTree = "<group>"; };
		ACFBF804207C24250058A720 /* Base */ = {isa = PBXFileReference; lastKnownFileType = file.storyboard; name = Base; path = Base.lproj/LaunchScreen.storyboard; sourceTree = "<group>"; };
		ACFBF806207C24250058A720 /* Base */ = {isa = PBXFileReference; lastKnownFileType = file.storyboard; name = Base; path = Base.lproj/Main.storyboard; sourceTree = "<group>"; };
		ACFBF807207C24250058A720 /* MainViewController.m */ = {isa = PBXFileReference; fileEncoding = 4; lastKnownFileType = sourcecode.c.objc; path = MainViewController.m; sourceTree = "<group>"; };
		ACFBF808207C24250058A720 /* WidgetsViewController.h */ = {isa = PBXFileReference; fileEncoding = 4; lastKnownFileType = sourcecode.c.h; path = WidgetsViewController.h; sourceTree = "<group>"; };
		ACFBF809207C24250058A720 /* main.m */ = {isa = PBXFileReference; fileEncoding = 4; lastKnownFileType = sourcecode.c.objc; path = main.m; sourceTree = "<group>"; };
		ACFBF80A207C24250058A720 /* DefaultLayout.storyboard */ = {isa = PBXFileReference; fileEncoding = 4; lastKnownFileType = file.storyboard; path = DefaultLayout.storyboard; sourceTree = "<group>"; };
		ACFBF80B207C24250058A720 /* AppDelegate.m */ = {isa = PBXFileReference; fileEncoding = 4; lastKnownFileType = sourcecode.c.objc; path = AppDelegate.m; sourceTree = "<group>"; };
		ACFBF80C207C24250058A720 /* DefaultLayoutViewController.m */ = {isa = PBXFileReference; fileEncoding = 4; lastKnownFileType = sourcecode.c.objc; path = DefaultLayoutViewController.m; sourceTree = "<group>"; };
		ACFBF80D207C24250058A720 /* PanelsCollectionsViewController.m */ = {isa = PBXFileReference; fileEncoding = 4; lastKnownFileType = sourcecode.c.objc; path = PanelsCollectionsViewController.m; sourceTree = "<group>"; };
		ACFBF80E207C24250058A720 /* MyBatteryWidget.h */ = {isa = PBXFileReference; fileEncoding = 4; lastKnownFileType = sourcecode.c.h; path = MyBatteryWidget.h; sourceTree = "<group>"; };
		ACFBF80F207C24250058A720 /* MainViewController.h */ = {isa = PBXFileReference; fileEncoding = 4; lastKnownFileType = sourcecode.c.h; path = MainViewController.h; sourceTree = "<group>"; };
		ACFBF810207C24250058A720 /* Info.plist */ = {isa = PBXFileReference; fileEncoding = 4; lastKnownFileType = text.plist.xml; path = Info.plist; sourceTree = "<group>"; };
		ACFBF811207C24250058A720 /* Widgets.storyboard */ = {isa = PBXFileReference; fileEncoding = 4; lastKnownFileType = file.storyboard; path = Widgets.storyboard; sourceTree = "<group>"; };
		F5B19026C9DEFD6AFBB8F77A /* Pods-UXSDKOCSample.debug.xcconfig */ = {isa = PBXFileReference; includeInIndex = 1; lastKnownFileType = text.xcconfig; name = "Pods-UXSDKOCSample.debug.xcconfig"; path = "Pods/Target Support Files/Pods-UXSDKOCSample/Pods-UXSDKOCSample.debug.xcconfig"; sourceTree = "<group>"; };
/* End PBXFileReference section */

/* Begin PBXFrameworksBuildPhase section */
		A4A189051EA1291E00D06BF0 /* Frameworks */ = {
			isa = PBXFrameworksBuildPhase;
			buildActionMask = 2147483647;
			files = (
				9F72678442AB55A937024AEB /* Pods_UXSDKOCSample.framework in Frameworks */,
			);
			runOnlyForDeploymentPostprocessing = 0;
		};
/* End PBXFrameworksBuildPhase section */

/* Begin PBXGroup section */
		A4A188FF1EA1291E00D06BF0 = {
			isa = PBXGroup;
			children = (
				ACFBF7FB207C24250058A720 /* UXSDKOCSample */,
				A4A189091EA1291E00D06BF0 /* Products */,
				A9C1936B19F091ED59B6CA31 /* Frameworks */,
				D0816967A71F7A5CBD84F863 /* Pods */,
			);
			sourceTree = "<group>";
		};
		A4A189091EA1291E00D06BF0 /* Products */ = {
			isa = PBXGroup;
			children = (
				A4A189081EA1291E00D06BF0 /* UXSDKOCSample.app */,
			);
			name = Products;
			sourceTree = "<group>";
		};
		A9C1936B19F091ED59B6CA31 /* Frameworks */ = {
			isa = PBXGroup;
			children = (
				A37A3FEA170FD6D0953B3589 /* Pods_UXSDKOCSample.framework */,
			);
			name = Frameworks;
			sourceTree = "<group>";
		};
		ACFBF7FB207C24250058A720 /* UXSDKOCSample */ = {
			isa = PBXGroup;
			children = (
				ACFBF801207C24250058A720 /* Assets.xcassets */,
				ACFBF802207C24250058A720 /* PanelsCollections.storyboard */,
				ACFBF803207C24250058A720 /* LaunchScreen.storyboard */,
				ACFBF805207C24250058A720 /* Main.storyboard */,
				ACFBF80A207C24250058A720 /* DefaultLayout.storyboard */,
				ACFBF80F207C24250058A720 /* MainViewController.h */,
				ACFBF807207C24250058A720 /* MainViewController.m */,
				ACFBF808207C24250058A720 /* WidgetsViewController.h */,
				ACFBF7FC207C24250058A720 /* WidgetsViewController.m */,
				ACFBF809207C24250058A720 /* main.m */,
				ACFBF7FE207C24250058A720 /* AppDelegate.h */,
				ACFBF80B207C24250058A720 /* AppDelegate.m */,
				ACFBF7FD207C24250058A720 /* DefaultLayoutViewController.h */,
				ACFBF80C207C24250058A720 /* DefaultLayoutViewController.m */,
				ACFBF800207C24250058A720 /* PanelsCollectionsViewController.h */,
				ACFBF80D207C24250058A720 /* PanelsCollectionsViewController.m */,
				ACFBF80E207C24250058A720 /* MyBatteryWidget.h */,
				ACFBF7FF207C24250058A720 /* MyBatteryWidget.m */,
				ACFBF810207C24250058A720 /* Info.plist */,
				ACFBF811207C24250058A720 /* Widgets.storyboard */,
			);
			path = UXSDKOCSample;
			sourceTree = "<group>";
		};
		D0816967A71F7A5CBD84F863 /* Pods */ = {
			isa = PBXGroup;
			children = (
				F5B19026C9DEFD6AFBB8F77A /* Pods-UXSDKOCSample.debug.xcconfig */,
				06EE100A9FE67BED56866C40 /* Pods-UXSDKOCSample.release.xcconfig */,
			);
			name = Pods;
			sourceTree = "<group>";
		};
/* End PBXGroup section */

/* Begin PBXNativeTarget section */
		A4A189071EA1291E00D06BF0 /* UXSDKOCSample */ = {
			isa = PBXNativeTarget;
			buildConfigurationList = A4A1891F1EA1291E00D06BF0 /* Build configuration list for PBXNativeTarget "UXSDKOCSample" */;
			buildPhases = (
				EF3F83FA9431056465867772 /* [CP] Check Pods Manifest.lock */,
				A4A189041EA1291E00D06BF0 /* Sources */,
				A4A189051EA1291E00D06BF0 /* Frameworks */,
				A4A189061EA1291E00D06BF0 /* Resources */,
				A4A189451EA12B4700D06BF0 /* Embed Frameworks */,
				43AB897ECF73EE6BAA391FB6 /* [CP] Embed Pods Frameworks */,
				33426E8220F1F7EF30FD8CC0 /* [CP] Copy Pods Resources */,
			);
			buildRules = (
			);
			dependencies = (
			);
			name = UXSDKOCSample;
			productName = UILibOCSample;
			productReference = A4A189081EA1291E00D06BF0 /* UXSDKOCSample.app */;
			productType = "com.apple.product-type.application";
		};
/* End PBXNativeTarget section */

/* Begin PBXProject section */
		A4A189001EA1291E00D06BF0 /* Project object */ = {
			isa = PBXProject;
			attributes = {
				LastUpgradeCheck = 0810;
				ORGANIZATIONNAME = DJI;
				TargetAttributes = {
					A4A189071EA1291E00D06BF0 = {
						CreatedOnToolsVersion = 8.1;
						DevelopmentTeam = 7UL3LRJL93;
						ProvisioningStyle = Automatic;
					};
				};
			};
			buildConfigurationList = A4A189031EA1291E00D06BF0 /* Build configuration list for PBXProject "UXSDKOCSample" */;
			compatibilityVersion = "Xcode 3.2";
			developmentRegion = English;
			hasScannedForEncodings = 0;
			knownRegions = (
				en,
				Base,
			);
			mainGroup = A4A188FF1EA1291E00D06BF0;
			productRefGroup = A4A189091EA1291E00D06BF0 /* Products */;
			projectDirPath = "";
			projectRoot = "";
			targets = (
				A4A189071EA1291E00D06BF0 /* UXSDKOCSample */,
			);
		};
/* End PBXProject section */

/* Begin PBXResourcesBuildPhase section */
		A4A189061EA1291E00D06BF0 /* Resources */ = {
			isa = PBXResourcesBuildPhase;
			buildActionMask = 2147483647;
			files = (
				ACFBF81A207C24250058A720 /* DefaultLayout.storyboard in Resources */,
				ACFBF816207C24250058A720 /* LaunchScreen.storyboard in Resources */,
				ACFBF817207C24250058A720 /* Main.storyboard in Resources */,
				ACFBF814207C24250058A720 /* Assets.xcassets in Resources */,
				ACFBF81F207C24250058A720 /* Widgets.storyboard in Resources */,
				ACFBF815207C24250058A720 /* PanelsCollections.storyboard in Resources */,
			);
			runOnlyForDeploymentPostprocessing = 0;
		};
/* End PBXResourcesBuildPhase section */

/* Begin PBXShellScriptBuildPhase section */
		33426E8220F1F7EF30FD8CC0 /* [CP] Copy Pods Resources */ = {
			isa = PBXShellScriptBuildPhase;
			buildActionMask = 2147483647;
			files = (
			);
			inputFileListPaths = (
			);
			inputPaths = (
			);
			name = "[CP] Copy Pods Resources";
			outputFileListPaths = (
			);
			outputPaths = (
			);
			runOnlyForDeploymentPostprocessing = 0;
			shellPath = /bin/sh;
			shellScript = "\"${SRCROOT}/Pods/Target Support Files/Pods-UXSDKOCSample/Pods-UXSDKOCSample-resources.sh\"\n";
			showEnvVarsInLog = 0;
		};
		43AB897ECF73EE6BAA391FB6 /* [CP] Embed Pods Frameworks */ = {
			isa = PBXShellScriptBuildPhase;
			buildActionMask = 2147483647;
			files = (
			);
			inputPaths = (
				"${SRCROOT}/Pods/Target Support Files/Pods-UXSDKOCSample/Pods-UXSDKOCSample-frameworks.sh",
				"${PODS_ROOT}/DJI-SDK-iOS/iOS_Mobile_SDK/DJISDK.framework",
				"${PODS_ROOT}/DJI-UXSDK-iOS/iOS_UXSDK/DJIUXSDK.framework",
				"${PODS_ROOT}/DJIWidget/FFmpeg/FFmpeg.framework",
				"${BUILT_PRODUCTS_DIR}/DJIWidget/DJIWidget.framework",
			);
			name = "[CP] Embed Pods Frameworks";
			outputPaths = (
				"${TARGET_BUILD_DIR}/${FRAMEWORKS_FOLDER_PATH}/DJISDK.framework",
				"${TARGET_BUILD_DIR}/${FRAMEWORKS_FOLDER_PATH}/DJIUXSDK.framework",
				"${TARGET_BUILD_DIR}/${FRAMEWORKS_FOLDER_PATH}/FFmpeg.framework",
				"${TARGET_BUILD_DIR}/${FRAMEWORKS_FOLDER_PATH}/DJIWidget.framework",
			);
			runOnlyForDeploymentPostprocessing = 0;
			shellPath = /bin/sh;
			shellScript = "\"${SRCROOT}/Pods/Target Support Files/Pods-UXSDKOCSample/Pods-UXSDKOCSample-frameworks.sh\"\n";
			showEnvVarsInLog = 0;
		};
		EF3F83FA9431056465867772 /* [CP] Check Pods Manifest.lock */ = {
			isa = PBXShellScriptBuildPhase;
			buildActionMask = 2147483647;
			files = (
			);
			inputPaths = (
				"${PODS_PODFILE_DIR_PATH}/Podfile.lock",
				"${PODS_ROOT}/Manifest.lock",
			);
			name = "[CP] Check Pods Manifest.lock";
			outputPaths = (
				"$(DERIVED_FILE_DIR)/Pods-UXSDKOCSample-checkManifestLockResult.txt",
			);
			runOnlyForDeploymentPostprocessing = 0;
			shellPath = /bin/sh;
			shellScript = "diff \"${PODS_ROOT}/../Podfile.lock\" \"${PODS_ROOT}/Manifest.lock\" > /dev/null\nif [ $? != 0 ] ; then\n    # print error to STDERR\n    echo \"error: The sandbox is not in sync with the Podfile.lock. Run 'pod install' or update your CocoaPods installation.\" >&2\n    exit 1\nfi\n";
			showEnvVarsInLog = 0;
		};
/* End PBXShellScriptBuildPhase section */

/* Begin PBXSourcesBuildPhase section */
		A4A189041EA1291E00D06BF0 /* Sources */ = {
			isa = PBXSourcesBuildPhase;
			buildActionMask = 2147483647;
			files = (
				ACFBF812207C24250058A720 /* WidgetsViewController.m in Sources */,
				ACFBF818207C24250058A720 /* MainViewController.m in Sources */,
				ACFBF81C207C24250058A720 /* DefaultLayoutViewController.m in Sources */,
				ACFBF813207C24250058A720 /* MyBatteryWidget.m in Sources */,
				ACFBF81B207C24250058A720 /* AppDelegate.m in Sources */,
				ACFBF819207C24250058A720 /* main.m in Sources */,
				ACFBF81D207C24250058A720 /* PanelsCollectionsViewController.m in Sources */,
			);
			runOnlyForDeploymentPostprocessing = 0;
		};
/* End PBXSourcesBuildPhase section */

/* Begin PBXVariantGroup section */
		ACFBF803207C24250058A720 /* LaunchScreen.storyboard */ = {
			isa = PBXVariantGroup;
			children = (
				ACFBF804207C24250058A720 /* Base */,
			);
			name = LaunchScreen.storyboard;
			sourceTree = "<group>";
		};
		ACFBF805207C24250058A720 /* Main.storyboard */ = {
			isa = PBXVariantGroup;
			children = (
				ACFBF806207C24250058A720 /* Base */,
			);
			name = Main.storyboard;
			sourceTree = "<group>";
		};
/* End PBXVariantGroup section */

/* Begin XCBuildConfiguration section */
		A4A1891D1EA1291E00D06BF0 /* Debug */ = {
			isa = XCBuildConfiguration;
			buildSettings = {
				ALWAYS_SEARCH_USER_PATHS = NO;
				CLANG_ANALYZER_NONNULL = YES;
				CLANG_CXX_LANGUAGE_STANDARD = "gnu++0x";
				CLANG_CXX_LIBRARY = "libc++";
				CLANG_ENABLE_MODULES = YES;
				CLANG_ENABLE_OBJC_ARC = YES;
				CLANG_WARN_BOOL_CONVERSION = YES;
				CLANG_WARN_CONSTANT_CONVERSION = YES;
				CLANG_WARN_DIRECT_OBJC_ISA_USAGE = YES_ERROR;
				CLANG_WARN_DOCUMENTATION_COMMENTS = YES;
				CLANG_WARN_EMPTY_BODY = YES;
				CLANG_WARN_ENUM_CONVERSION = YES;
				CLANG_WARN_INFINITE_RECURSION = YES;
				CLANG_WARN_INT_CONVERSION = YES;
				CLANG_WARN_OBJC_ROOT_CLASS = YES_ERROR;
				CLANG_WARN_SUSPICIOUS_MOVES = YES;
				CLANG_WARN_UNREACHABLE_CODE = YES;
				CLANG_WARN__DUPLICATE_METHOD_MATCH = YES;
				"CODE_SIGN_IDENTITY[sdk=iphoneos*]" = "iPhone Developer";
				COPY_PHASE_STRIP = NO;
				DEBUG_INFORMATION_FORMAT = dwarf;
				ENABLE_STRICT_OBJC_MSGSEND = YES;
				ENABLE_TESTABILITY = YES;
				GCC_C_LANGUAGE_STANDARD = gnu99;
				GCC_DYNAMIC_NO_PIC = NO;
				GCC_NO_COMMON_BLOCKS = YES;
				GCC_OPTIMIZATION_LEVEL = 0;
				GCC_PREPROCESSOR_DEFINITIONS = (
					"DEBUG=1",
					"$(inherited)",
				);
				GCC_WARN_64_TO_32_BIT_CONVERSION = YES;
				GCC_WARN_ABOUT_RETURN_TYPE = YES_ERROR;
				GCC_WARN_UNDECLARED_SELECTOR = YES;
				GCC_WARN_UNINITIALIZED_AUTOS = YES_AGGRESSIVE;
				GCC_WARN_UNUSED_FUNCTION = YES;
				GCC_WARN_UNUSED_VARIABLE = YES;
				IPHONEOS_DEPLOYMENT_TARGET = 10.1;
				MTL_ENABLE_DEBUG_INFO = YES;
				ONLY_ACTIVE_ARCH = YES;
				SDKROOT = iphoneos;
				TARGETED_DEVICE_FAMILY = "1,2";
			};
			name = Debug;
		};
		A4A1891E1EA1291E00D06BF0 /* Release */ = {
			isa = XCBuildConfiguration;
			buildSettings = {
				ALWAYS_SEARCH_USER_PATHS = NO;
				CLANG_ANALYZER_NONNULL = YES;
				CLANG_CXX_LANGUAGE_STANDARD = "gnu++0x";
				CLANG_CXX_LIBRARY = "libc++";
				CLANG_ENABLE_MODULES = YES;
				CLANG_ENABLE_OBJC_ARC = YES;
				CLANG_WARN_BOOL_CONVERSION = YES;
				CLANG_WARN_CONSTANT_CONVERSION = YES;
				CLANG_WARN_DIRECT_OBJC_ISA_USAGE = YES_ERROR;
				CLANG_WARN_DOCUMENTATION_COMMENTS = YES;
				CLANG_WARN_EMPTY_BODY = YES;
				CLANG_WARN_ENUM_CONVERSION = YES;
				CLANG_WARN_INFINITE_RECURSION = YES;
				CLANG_WARN_INT_CONVERSION = YES;
				CLANG_WARN_OBJC_ROOT_CLASS = YES_ERROR;
				CLANG_WARN_SUSPICIOUS_MOVES = YES;
				CLANG_WARN_UNREACHABLE_CODE = YES;
				CLANG_WARN__DUPLICATE_METHOD_MATCH = YES;
				"CODE_SIGN_IDENTITY[sdk=iphoneos*]" = "iPhone Developer";
				COPY_PHASE_STRIP = NO;
				DEBUG_INFORMATION_FORMAT = "dwarf-with-dsym";
				ENABLE_NS_ASSERTIONS = NO;
				ENABLE_STRICT_OBJC_MSGSEND = YES;
				GCC_C_LANGUAGE_STANDARD = gnu99;
				GCC_NO_COMMON_BLOCKS = YES;
				GCC_WARN_64_TO_32_BIT_CONVERSION = YES;
				GCC_WARN_ABOUT_RETURN_TYPE = YES_ERROR;
				GCC_WARN_UNDECLARED_SELECTOR = YES;
				GCC_WARN_UNINITIALIZED_AUTOS = YES_AGGRESSIVE;
				GCC_WARN_UNUSED_FUNCTION = YES;
				GCC_WARN_UNUSED_VARIABLE = YES;
				IPHONEOS_DEPLOYMENT_TARGET = 10.1;
				MTL_ENABLE_DEBUG_INFO = NO;
				SDKROOT = iphoneos;
				TARGETED_DEVICE_FAMILY = "1,2";
				VALIDATE_PRODUCT = YES;
			};
			name = Release;
		};
		A4A189201EA1291E00D06BF0 /* Debug */ = {
			isa = XCBuildConfiguration;
			baseConfigurationReference = F5B19026C9DEFD6AFBB8F77A /* Pods-UXSDKOCSample.debug.xcconfig */;
			buildSettings = {
				ASSETCATALOG_COMPILER_APPICON_NAME = AppIcon;
				DEVELOPMENT_TEAM = 7UL3LRJL93;
				ENABLE_BITCODE = NO;
				FRAMEWORK_SEARCH_PATHS = (
					"$(inherited)",
					"$(PROJECT_DIR)/Frameworks",
					"$(PROJECT_DIR)/../DJIWidget/**",
				);
				INFOPLIST_FILE = "$(SRCROOT)/UXSDKOCSample/Info.plist";
				LD_RUNPATH_SEARCH_PATHS = "$(inherited) @executable_path/Frameworks";
				PRODUCT_BUNDLE_IDENTIFIER = com.dji.UXSDKOCSample;
				PRODUCT_NAME = "$(TARGET_NAME)";
				TARGETED_DEVICE_FAMILY = "1,2";
			};
			name = Debug;
		};
		A4A189211EA1291E00D06BF0 /* Release */ = {
			isa = XCBuildConfiguration;
			baseConfigurationReference = 06EE100A9FE67BED56866C40 /* Pods-UXSDKOCSample.release.xcconfig */;
			buildSettings = {
				ASSETCATALOG_COMPILER_APPICON_NAME = AppIcon;
				DEVELOPMENT_TEAM = 7UL3LRJL93;
				ENABLE_BITCODE = NO;
				FRAMEWORK_SEARCH_PATHS = (
					"$(inherited)",
					"$(PROJECT_DIR)/Frameworks",
					"$(PROJECT_DIR)/../DJIWidget/**",
				);
				INFOPLIST_FILE = "$(SRCROOT)/UXSDKOCSample/Info.plist";
				LD_RUNPATH_SEARCH_PATHS = "$(inherited) @executable_path/Frameworks";
				PRODUCT_BUNDLE_IDENTIFIER = com.dji.UXSDKOCSample;
				PRODUCT_NAME = "$(TARGET_NAME)";
				TARGETED_DEVICE_FAMILY = "1,2";
			};
			name = Release;
		};
/* End XCBuildConfiguration section */

/* Begin XCConfigurationList section */
		A4A189031EA1291E00D06BF0 /* Build configuration list for PBXProject "UXSDKOCSample" */ = {
			isa = XCConfigurationList;
			buildConfigurations = (
				A4A1891D1EA1291E00D06BF0 /* Debug */,
				A4A1891E1EA1291E00D06BF0 /* Release */,
			);
			defaultConfigurationIsVisible = 0;
			defaultConfigurationName = Release;
		};
		A4A1891F1EA1291E00D06BF0 /* Build configuration list for PBXNativeTarget "UXSDKOCSample" */ = {
			isa = XCConfigurationList;
			buildConfigurations = (
				A4A189201EA1291E00D06BF0 /* Debug */,
				A4A189211EA1291E00D06BF0 /* Release */,
			);
			defaultConfigurationIsVisible = 0;
			defaultConfigurationName = Release;
		};
/* End XCConfigurationList section */
	};
	rootObject = A4A189001EA1291E00D06BF0 /* Project object */;
}
