// !$*UTF8*$!
{
	archiveVersion = 1;
	classes = {
	};
	objectVersion = 46;
	objects = {

/* Begin PBXBuildFile section */
		A40B6D911EA75B9E0069B96C /* VideoPreviewer.framework in Frameworks */ = {isa = PBXBuildFile; fileRef = A40B6D901EA75B700069B96C /* VideoPreviewer.framework */; };
		A40B6D921EA75B9E0069B96C /* VideoPreviewer.framework in Embed Frameworks */ = {isa = PBXBuildFile; fileRef = A40B6D901EA75B700069B96C /* VideoPreviewer.framework */; settings = {ATTRIBUTES = (CodeSignOnCopy, RemoveHeadersOnCopy, ); }; };
		A48847B91EA21CC400CE5843 /* PanelsCollections.storyboard in Resources */ = {isa = PBXBuildFile; fileRef = A48847B81EA21CC400CE5843 /* PanelsCollections.storyboard */; };
		A4A1890D1EA1291E00D06BF0 /* main.m in Sources */ = {isa = PBXBuildFile; fileRef = A4A1890C1EA1291E00D06BF0 /* main.m */; };
		A4A189101EA1291E00D06BF0 /* AppDelegate.m in Sources */ = {isa = PBXBuildFile; fileRef = A4A1890F1EA1291E00D06BF0 /* AppDelegate.m */; };
		A4A189131EA1291E00D06BF0 /* MainViewController.m in Sources */ = {isa = PBXBuildFile; fileRef = A4A189121EA1291E00D06BF0 /* MainViewController.m */; };
		A4A189161EA1291E00D06BF0 /* Main.storyboard in Resources */ = {isa = PBXBuildFile; fileRef = A4A189141EA1291E00D06BF0 /* Main.storyboard */; };
		A4A189181EA1291E00D06BF0 /* Assets.xcassets in Resources */ = {isa = PBXBuildFile; fileRef = A4A189171EA1291E00D06BF0 /* Assets.xcassets */; };
		A4A1891B1EA1291E00D06BF0 /* LaunchScreen.storyboard in Resources */ = {isa = PBXBuildFile; fileRef = A4A189191EA1291E00D06BF0 /* LaunchScreen.storyboard */; };
		A4A189281EA12A2300D06BF0 /* DefaultLayoutViewController.m in Sources */ = {isa = PBXBuildFile; fileRef = A4A189271EA12A2300D06BF0 /* DefaultLayoutViewController.m */; };
		A4A1892A1EA12A3100D06BF0 /* DefaultLayout.storyboard in Resources */ = {isa = PBXBuildFile; fileRef = A4A189291EA12A3100D06BF0 /* DefaultLayout.storyboard */; };
		A4A1892F1EA12A5A00D06BF0 /* PanelsCollectionsViewController.m in Sources */ = {isa = PBXBuildFile; fileRef = A4A1892E1EA12A5A00D06BF0 /* PanelsCollectionsViewController.m */; };
		A4A189311EA12A6600D06BF0 /* Widgets.storyboard in Resources */ = {isa = PBXBuildFile; fileRef = A4A189301EA12A6600D06BF0 /* Widgets.storyboard */; };
		A4A189341EA12A7700D06BF0 /* MyBatteryWidget.m in Sources */ = {isa = PBXBuildFile; fileRef = A4A189331EA12A7700D06BF0 /* MyBatteryWidget.m */; };
		A4A189371EA12A9400D06BF0 /* WidgetsViewController.m in Sources */ = {isa = PBXBuildFile; fileRef = A4A189361EA12A9400D06BF0 /* WidgetsViewController.m */; };
		C8934A2F32D6644AA21EDFB6 /* libPods-UILibOCSample.a in Frameworks */ = {isa = PBXBuildFile; fileRef = E359274873E4ACB60CB3A87D /* libPods-UILibOCSample.a */; };
/* End PBXBuildFile section */

/* Begin PBXContainerItemProxy section */
		A40B6D8F1EA75B700069B96C /* PBXContainerItemProxy */ = {
			isa = PBXContainerItemProxy;
			containerPortal = A40B6D8B1EA75B700069B96C /* VideoPreviewer.xcodeproj */;
			proxyType = 2;
			remoteGlobalIDString = 02A543FD1C3C51CB0083C11B;
			remoteInfo = VideoPreviewer;
		};
		A40B6D931EA75B9E0069B96C /* PBXContainerItemProxy */ = {
			isa = PBXContainerItemProxy;
			containerPortal = A40B6D8B1EA75B700069B96C /* VideoPreviewer.xcodeproj */;
			proxyType = 1;
			remoteGlobalIDString = 02A543FC1C3C51CB0083C11B;
			remoteInfo = VideoPreviewer;
		};
		AC861A661EA71349001C9B65 /* PBXContainerItemProxy */ = {
			isa = PBXContainerItemProxy;
			containerPortal = AC861A621EA71349001C9B65 /* VideoPreviewer.xcodeproj */;
			proxyType = 2;
			remoteGlobalIDString = 02A543FD1C3C51CB0083C11B;
			remoteInfo = VideoPreviewer;
		};
/* End PBXContainerItemProxy section */

/* Begin PBXCopyFilesBuildPhase section */
		AC861A711EA71377001C9B65 /* Embed Frameworks */ = {
			isa = PBXCopyFilesBuildPhase;
			buildActionMask = 2147483647;
			dstPath = "";
			dstSubfolderSpec = 10;
			files = (
				A40B6D921EA75B9E0069B96C /* VideoPreviewer.framework in Embed Frameworks */,
			);
			name = "Embed Frameworks";
			runOnlyForDeploymentPostprocessing = 0;
		};
/* End PBXCopyFilesBuildPhase section */

/* Begin PBXFileReference section */
		2842789EAF1F25099F75BE8C /* Pods-UILibOCSample.debug.xcconfig */ = {isa = PBXFileReference; includeInIndex = 1; lastKnownFileType = text.xcconfig; name = "Pods-UILibOCSample.debug.xcconfig"; path = "Pods/Target Support Files/Pods-UILibOCSample/Pods-UILibOCSample.debug.xcconfig"; sourceTree = "<group>"; };
		8A2767A8A734D9F079B77485 /* Pods-UILibOCSample.release.xcconfig */ = {isa = PBXFileReference; includeInIndex = 1; lastKnownFileType = text.xcconfig; name = "Pods-UILibOCSample.release.xcconfig"; path = "Pods/Target Support Files/Pods-UILibOCSample/Pods-UILibOCSample.release.xcconfig"; sourceTree = "<group>"; };
		A40B6D8B1EA75B700069B96C /* VideoPreviewer.xcodeproj */ = {isa = PBXFileReference; lastKnownFileType = "wrapper.pb-project"; name = VideoPreviewer.xcodeproj; path = ../../VideoPreviewer/VideoPreviewer.xcodeproj; sourceTree = "<group>"; };
		A48847B81EA21CC400CE5843 /* PanelsCollections.storyboard */ = {isa = PBXFileReference; fileEncoding = 4; lastKnownFileType = file.storyboard; path = PanelsCollections.storyboard; sourceTree = "<group>"; };
		A4A189081EA1291E00D06BF0 /* UILibOCSample.app */ = {isa = PBXFileReference; explicitFileType = wrapper.application; includeInIndex = 0; path = UILibOCSample.app; sourceTree = BUILT_PRODUCTS_DIR; };
		A4A1890C1EA1291E00D06BF0 /* main.m */ = {isa = PBXFileReference; lastKnownFileType = sourcecode.c.objc; path = main.m; sourceTree = "<group>"; };
		A4A1890E1EA1291E00D06BF0 /* AppDelegate.h */ = {isa = PBXFileReference; lastKnownFileType = sourcecode.c.h; path = AppDelegate.h; sourceTree = "<group>"; };
		A4A1890F1EA1291E00D06BF0 /* AppDelegate.m */ = {isa = PBXFileReference; lastKnownFileType = sourcecode.c.objc; path = AppDelegate.m; sourceTree = "<group>"; };
		A4A189111EA1291E00D06BF0 /* MainViewController.h */ = {isa = PBXFileReference; lastKnownFileType = sourcecode.c.h; path = MainViewController.h; sourceTree = "<group>"; };
		A4A189121EA1291E00D06BF0 /* MainViewController.m */ = {isa = PBXFileReference; lastKnownFileType = sourcecode.c.objc; path = MainViewController.m; sourceTree = "<group>"; };
		A4A189151EA1291E00D06BF0 /* Base */ = {isa = PBXFileReference; lastKnownFileType = file.storyboard; name = Base; path = Base.lproj/Main.storyboard; sourceTree = "<group>"; };
		A4A189171EA1291E00D06BF0 /* Assets.xcassets */ = {isa = PBXFileReference; lastKnownFileType = folder.assetcatalog; path = Assets.xcassets; sourceTree = "<group>"; };
		A4A1891A1EA1291E00D06BF0 /* Base */ = {isa = PBXFileReference; lastKnownFileType = file.storyboard; name = Base; path = Base.lproj/LaunchScreen.storyboard; sourceTree = "<group>"; };
		A4A1891C1EA1291E00D06BF0 /* Info.plist */ = {isa = PBXFileReference; lastKnownFileType = text.plist.xml; path = Info.plist; sourceTree = "<group>"; };
		A4A189261EA12A2300D06BF0 /* DefaultLayoutViewController.h */ = {isa = PBXFileReference; fileEncoding = 4; lastKnownFileType = sourcecode.c.h; path = DefaultLayoutViewController.h; sourceTree = "<group>"; };
		A4A189271EA12A2300D06BF0 /* DefaultLayoutViewController.m */ = {isa = PBXFileReference; fileEncoding = 4; lastKnownFileType = sourcecode.c.objc; path = DefaultLayoutViewController.m; sourceTree = "<group>"; };
		A4A189291EA12A3100D06BF0 /* DefaultLayout.storyboard */ = {isa = PBXFileReference; fileEncoding = 4; lastKnownFileType = file.storyboard; path = DefaultLayout.storyboard; sourceTree = "<group>"; };
		A4A1892D1EA12A5A00D06BF0 /* PanelsCollectionsViewController.h */ = {isa = PBXFileReference; fileEncoding = 4; lastKnownFileType = sourcecode.c.h; path = PanelsCollectionsViewController.h; sourceTree = "<group>"; };
		A4A1892E1EA12A5A00D06BF0 /* PanelsCollectionsViewController.m */ = {isa = PBXFileReference; fileEncoding = 4; lastKnownFileType = sourcecode.c.objc; path = PanelsCollectionsViewController.m; sourceTree = "<group>"; };
		A4A189301EA12A6600D06BF0 /* Widgets.storyboard */ = {isa = PBXFileReference; fileEncoding = 4; lastKnownFileType = file.storyboard; path = Widgets.storyboard; sourceTree = "<group>"; };
		A4A189321EA12A7700D06BF0 /* MyBatteryWidget.h */ = {isa = PBXFileReference; fileEncoding = 4; lastKnownFileType = sourcecode.c.h; path = MyBatteryWidget.h; sourceTree = "<group>"; };
		A4A189331EA12A7700D06BF0 /* MyBatteryWidget.m */ = {isa = PBXFileReference; fileEncoding = 4; lastKnownFileType = sourcecode.c.objc; path = MyBatteryWidget.m; sourceTree = "<group>"; };
		A4A189351EA12A9400D06BF0 /* WidgetsViewController.h */ = {isa = PBXFileReference; fileEncoding = 4; lastKnownFileType = sourcecode.c.h; path = WidgetsViewController.h; sourceTree = "<group>"; };
		A4A189361EA12A9400D06BF0 /* WidgetsViewController.m */ = {isa = PBXFileReference; fileEncoding = 4; lastKnownFileType = sourcecode.c.objc; path = WidgetsViewController.m; sourceTree = "<group>"; };
		AC861A5E1EA71341001C9B65 /* DJISDK.framework */ = {isa = PBXFileReference; lastKnownFileType = wrapper.framework; name = DJISDK.framework; path = ../Frameworks/DJISDK.framework; sourceTree = "<group>"; };
		AC861A5F1EA71341001C9B65 /* DJIUILibrary.framework */ = {isa = PBXFileReference; lastKnownFileType = wrapper.framework; name = DJIUILibrary.framework; path = ../Frameworks/DJIUILibrary.framework; sourceTree = "<group>"; };
		AC861A621EA71349001C9B65 /* VideoPreviewer.xcodeproj */ = {isa = PBXFileReference; lastKnownFileType = "wrapper.pb-project"; name = VideoPreviewer.xcodeproj; path = ../Frameworks/VideoPreviewer/VideoPreviewer.xcodeproj; sourceTree = "<group>"; };
		E359274873E4ACB60CB3A87D /* libPods-UILibOCSample.a */ = {isa = PBXFileReference; explicitFileType = archive.ar; includeInIndex = 0; path = "libPods-UILibOCSample.a"; sourceTree = BUILT_PRODUCTS_DIR; };
/* End PBXFileReference section */

/* Begin PBXFrameworksBuildPhase section */
		A4A189051EA1291E00D06BF0 /* Frameworks */ = {
			isa = PBXFrameworksBuildPhase;
			buildActionMask = 2147483647;
			files = (
				A40B6D911EA75B9E0069B96C /* VideoPreviewer.framework in Frameworks */,
				C8934A2F32D6644AA21EDFB6 /* libPods-UILibOCSample.a in Frameworks */,
			);
			runOnlyForDeploymentPostprocessing = 0;
		};
/* End PBXFrameworksBuildPhase section */

/* Begin PBXGroup section */
		A40B6D8A1EA75B560069B96C /* Framework */ = {
			isa = PBXGroup;
			children = (
				A40B6D8B1EA75B700069B96C /* VideoPreviewer.xcodeproj */,
			);
			name = Framework;
			sourceTree = "<group>";
		};
		A40B6D8C1EA75B700069B96C /* Products */ = {
			isa = PBXGroup;
			children = (
				A40B6D901EA75B700069B96C /* VideoPreviewer.framework */,
			);
			name = Products;
			sourceTree = "<group>";
		};
		A4A188FF1EA1291E00D06BF0 = {
			isa = PBXGroup;
			children = (
				A4A1890A1EA1291E00D06BF0 /* UILibOCSample */,
				A4A189091EA1291E00D06BF0 /* Products */,
				BC32C62B8CC4BE3434AFF130 /* Pods */,
				AC861A5D1EA71331001C9B65 /* Frameworks */,
			);
			sourceTree = "<group>";
		};
		A4A189091EA1291E00D06BF0 /* Products */ = {
			isa = PBXGroup;
			children = (
				A4A189081EA1291E00D06BF0 /* UILibOCSample.app */,
			);
			name = Products;
			sourceTree = "<group>";
		};
		A4A1890A1EA1291E00D06BF0 /* UILibOCSample */ = {
			isa = PBXGroup;
			children = (
				A4A1890E1EA1291E00D06BF0 /* AppDelegate.h */,
				A4A1890F1EA1291E00D06BF0 /* AppDelegate.m */,
				A4A189111EA1291E00D06BF0 /* MainViewController.h */,
				A4A189121EA1291E00D06BF0 /* MainViewController.m */,
				A4A189141EA1291E00D06BF0 /* Main.storyboard */,
				A4A189221EA129D000D06BF0 /* DefaultLayout */,
				A4A189231EA129DC00D06BF0 /* Panels&Collections */,
				A4A189241EA129E900D06BF0 /* WidgetCustomization */,
				A4A189251EA129F900D06BF0 /* Misc */,
				A4A1890B1EA1291E00D06BF0 /* Supporting Files */,
				A40B6D8A1EA75B560069B96C /* Framework */,
			);
			path = UILibOCSample;
			sourceTree = "<group>";
		};
		A4A1890B1EA1291E00D06BF0 /* Supporting Files */ = {
			isa = PBXGroup;
			children = (
				A4A1890C1EA1291E00D06BF0 /* main.m */,
			);
			name = "Supporting Files";
			sourceTree = "<group>";
		};
		A4A189221EA129D000D06BF0 /* DefaultLayout */ = {
			isa = PBXGroup;
			children = (
				A4A189291EA12A3100D06BF0 /* DefaultLayout.storyboard */,
				A4A189261EA12A2300D06BF0 /* DefaultLayoutViewController.h */,
				A4A189271EA12A2300D06BF0 /* DefaultLayoutViewController.m */,
			);
			name = DefaultLayout;
			sourceTree = "<group>";
		};
		A4A189231EA129DC00D06BF0 /* Panels&Collections */ = {
			isa = PBXGroup;
			children = (
				A48847B81EA21CC400CE5843 /* PanelsCollections.storyboard */,
				A4A1892D1EA12A5A00D06BF0 /* PanelsCollectionsViewController.h */,
				A4A1892E1EA12A5A00D06BF0 /* PanelsCollectionsViewController.m */,
			);
			name = "Panels&Collections";
			sourceTree = "<group>";
		};
		A4A189241EA129E900D06BF0 /* WidgetCustomization */ = {
			isa = PBXGroup;
			children = (
				A4A189301EA12A6600D06BF0 /* Widgets.storyboard */,
				A4A189321EA12A7700D06BF0 /* MyBatteryWidget.h */,
				A4A189331EA12A7700D06BF0 /* MyBatteryWidget.m */,
				A4A189351EA12A9400D06BF0 /* WidgetsViewController.h */,
				A4A189361EA12A9400D06BF0 /* WidgetsViewController.m */,
			);
			name = WidgetCustomization;
			sourceTree = "<group>";
		};
		A4A189251EA129F900D06BF0 /* Misc */ = {
			isa = PBXGroup;
			children = (
				A4A189171EA1291E00D06BF0 /* Assets.xcassets */,
				A4A189191EA1291E00D06BF0 /* LaunchScreen.storyboard */,
				A4A1891C1EA1291E00D06BF0 /* Info.plist */,
			);
			name = Misc;
			sourceTree = "<group>";
		};
		AC861A5D1EA71331001C9B65 /* Frameworks */ = {
			isa = PBXGroup;
			children = (
				AC861A5E1EA71341001C9B65 /* DJISDK.framework */,
				AC861A5F1EA71341001C9B65 /* DJIUILibrary.framework */,
				AC861A621EA71349001C9B65 /* VideoPreviewer.xcodeproj */,
				E359274873E4ACB60CB3A87D /* libPods-UILibOCSample.a */,
			);
			name = Frameworks;
			sourceTree = "<group>";
		};
		AC861A631EA71349001C9B65 /* Products */ = {
			isa = PBXGroup;
			children = (
				AC861A671EA71349001C9B65 /* VideoPreviewer.framework */,
			);
			name = Products;
			sourceTree = "<group>";
		};
		BC32C62B8CC4BE3434AFF130 /* Pods */ = {
			isa = PBXGroup;
			children = (
				2842789EAF1F25099F75BE8C /* Pods-UILibOCSample.debug.xcconfig */,
				8A2767A8A734D9F079B77485 /* Pods-UILibOCSample.release.xcconfig */,
			);
			name = Pods;
			sourceTree = "<group>";
		};
/* End PBXGroup section */

/* Begin PBXNativeTarget section */
		A4A189071EA1291E00D06BF0 /* UILibOCSample */ = {
			isa = PBXNativeTarget;
			buildConfigurationList = A4A1891F1EA1291E00D06BF0 /* Build configuration list for PBXNativeTarget "UILibOCSample" */;
			buildPhases = (
				21B1B8C53ED1BED4DE07A7B2 /* [CP] Check Pods Manifest.lock */,
				A4A189041EA1291E00D06BF0 /* Sources */,
				A4A189051EA1291E00D06BF0 /* Frameworks */,
				A4A189061EA1291E00D06BF0 /* Resources */,
				42A22B2D131732D505A81C94 /* [CP] Embed Pods Frameworks */,
				54898508805E5885CFFEEBC0 /* [CP] Copy Pods Resources */,
				AC861A711EA71377001C9B65 /* Embed Frameworks */,
			);
			buildRules = (
			);
			dependencies = (
				A40B6D941EA75B9E0069B96C /* PBXTargetDependency */,
			);
			name = UILibOCSample;
			productName = UILibOCSample;
			productReference = A4A189081EA1291E00D06BF0 /* UILibOCSample.app */;
			productType = "com.apple.product-type.application";
		};
/* End PBXNativeTarget section */

/* Begin PBXProject section */
		A4A189001EA1291E00D06BF0 /* Project object */ = {
			isa = PBXProject;
			attributes = {
				LastUpgradeCheck = 0810;
				ORGANIZATIONNAME = DJI;
				TargetAttributes = {
					A4A189071EA1291E00D06BF0 = {
						CreatedOnToolsVersion = 8.1;
						ProvisioningStyle = Automatic;
					};
				};
			};
			buildConfigurationList = A4A189031EA1291E00D06BF0 /* Build configuration list for PBXProject "UILibOCSample" */;
			compatibilityVersion = "Xcode 3.2";
			developmentRegion = English;
			hasScannedForEncodings = 0;
			knownRegions = (
				en,
				Base,
			);
			mainGroup = A4A188FF1EA1291E00D06BF0;
			productRefGroup = A4A189091EA1291E00D06BF0 /* Products */;
			projectDirPath = "";
			projectReferences = (
				{
					ProductGroup = A40B6D8C1EA75B700069B96C /* Products */;
					ProjectRef = A40B6D8B1EA75B700069B96C /* VideoPreviewer.xcodeproj */;
				},
				{
					ProductGroup = AC861A631EA71349001C9B65 /* Products */;
					ProjectRef = AC861A621EA71349001C9B65 /* VideoPreviewer.xcodeproj */;
				},
			);
			projectRoot = "";
			targets = (
				A4A189071EA1291E00D06BF0 /* UILibOCSample */,
			);
		};
/* End PBXProject section */

/* Begin PBXReferenceProxy section */
		A40B6D901EA75B700069B96C /* VideoPreviewer.framework */ = {
			isa = PBXReferenceProxy;
			fileType = wrapper.framework;
			path = VideoPreviewer.framework;
			remoteRef = A40B6D8F1EA75B700069B96C /* PBXContainerItemProxy */;
			sourceTree = BUILT_PRODUCTS_DIR;
		};
		AC861A671EA71349001C9B65 /* VideoPreviewer.framework */ = {
			isa = PBXReferenceProxy;
			fileType = wrapper.framework;
			path = VideoPreviewer.framework;
			remoteRef = AC861A661EA71349001C9B65 /* PBXContainerItemProxy */;
			sourceTree = BUILT_PRODUCTS_DIR;
		};
/* End PBXReferenceProxy section */

/* Begin PBXResourcesBuildPhase section */
		A4A189061EA1291E00D06BF0 /* Resources */ = {
			isa = PBXResourcesBuildPhase;
			buildActionMask = 2147483647;
			files = (
				A4A189311EA12A6600D06BF0 /* Widgets.storyboard in Resources */,
				A4A1891B1EA1291E00D06BF0 /* LaunchScreen.storyboard in Resources */,
				A4A189181EA1291E00D06BF0 /* Assets.xcassets in Resources */,
				A4A1892A1EA12A3100D06BF0 /* DefaultLayout.storyboard in Resources */,
				A4A189161EA1291E00D06BF0 /* Main.storyboard in Resources */,
				A48847B91EA21CC400CE5843 /* PanelsCollections.storyboard in Resources */,
			);
			runOnlyForDeploymentPostprocessing = 0;
		};
/* End PBXResourcesBuildPhase section */

/* Begin PBXShellScriptBuildPhase section */
		21B1B8C53ED1BED4DE07A7B2 /* [CP] Check Pods Manifest.lock */ = {
			isa = PBXShellScriptBuildPhase;
			buildActionMask = 2147483647;
			files = (
			);
			inputPaths = (
			);
			name = "[CP] Check Pods Manifest.lock";
			outputPaths = (
			);
			runOnlyForDeploymentPostprocessing = 0;
			shellPath = /bin/sh;
			shellScript = "diff \"${PODS_ROOT}/../Podfile.lock\" \"${PODS_ROOT}/Manifest.lock\" > /dev/null\nif [ $? != 0 ] ; then\n    # print error to STDERR\n    echo \"error: The sandbox is not in sync with the Podfile.lock. Run 'pod install' or update your CocoaPods installation.\" >&2\n    exit 1\nfi\n";
			showEnvVarsInLog = 0;
		};
		42A22B2D131732D505A81C94 /* [CP] Embed Pods Frameworks */ = {
			isa = PBXShellScriptBuildPhase;
			buildActionMask = 2147483647;
			files = (
			);
			inputPaths = (
			);
			name = "[CP] Embed Pods Frameworks";
			outputPaths = (
			);
			runOnlyForDeploymentPostprocessing = 0;
			shellPath = /bin/sh;
			shellScript = "\"${SRCROOT}/Pods/Target Support Files/Pods-UILibOCSample/Pods-UILibOCSample-frameworks.sh\"\n";
			showEnvVarsInLog = 0;
		};
		54898508805E5885CFFEEBC0 /* [CP] Copy Pods Resources */ = {
			isa = PBXShellScriptBuildPhase;
			buildActionMask = 2147483647;
			files = (
			);
			inputPaths = (
			);
			name = "[CP] Copy Pods Resources";
			outputPaths = (
			);
			runOnlyForDeploymentPostprocessing = 0;
			shellPath = /bin/sh;
			shellScript = "\"${SRCROOT}/Pods/Target Support Files/Pods-UILibOCSample/Pods-UILibOCSample-resources.sh\"\n";
			showEnvVarsInLog = 0;
		};
/* End PBXShellScriptBuildPhase section */

/* Begin PBXSourcesBuildPhase section */
		A4A189041EA1291E00D06BF0 /* Sources */ = {
			isa = PBXSourcesBuildPhase;
			buildActionMask = 2147483647;
			files = (
				A4A189131EA1291E00D06BF0 /* MainViewController.m in Sources */,
				A4A1892F1EA12A5A00D06BF0 /* PanelsCollectionsViewController.m in Sources */,
				A4A189101EA1291E00D06BF0 /* AppDelegate.m in Sources */,
				A4A189341EA12A7700D06BF0 /* MyBatteryWidget.m in Sources */,
				A4A189281EA12A2300D06BF0 /* DefaultLayoutViewController.m in Sources */,
				A4A1890D1EA1291E00D06BF0 /* main.m in Sources */,
				A4A189371EA12A9400D06BF0 /* WidgetsViewController.m in Sources */,
			);
			runOnlyForDeploymentPostprocessing = 0;
		};
/* End PBXSourcesBuildPhase section */

/* Begin PBXTargetDependency section */
		A40B6D941EA75B9E0069B96C /* PBXTargetDependency */ = {
			isa = PBXTargetDependency;
			name = VideoPreviewer;
			targetProxy = A40B6D931EA75B9E0069B96C /* PBXContainerItemProxy */;
		};
/* End PBXTargetDependency section */

/* Begin PBXVariantGroup section */
		A4A189141EA1291E00D06BF0 /* Main.storyboard */ = {
			isa = PBXVariantGroup;
			children = (
				A4A189151EA1291E00D06BF0 /* Base */,
			);
			name = Main.storyboard;
			sourceTree = "<group>";
		};
		A4A189191EA1291E00D06BF0 /* LaunchScreen.storyboard */ = {
			isa = PBXVariantGroup;
			children = (
				A4A1891A1EA1291E00D06BF0 /* Base */,
			);
			name = LaunchScreen.storyboard;
			sourceTree = "<group>";
		};
/* End PBXVariantGroup section */

/* Begin XCBuildConfiguration section */
		A4A1891D1EA1291E00D06BF0 /* Debug */ = {
			isa = XCBuildConfiguration;
			buildSettings = {
				ALWAYS_SEARCH_USER_PATHS = NO;
				CLANG_ANALYZER_NONNULL = YES;
				CLANG_CXX_LANGUAGE_STANDARD = "gnu++0x";
				CLANG_CXX_LIBRARY = "libc++";
				CLANG_ENABLE_MODULES = YES;
				CLANG_ENABLE_OBJC_ARC = YES;
				CLANG_WARN_BOOL_CONVERSION = YES;
				CLANG_WARN_CONSTANT_CONVERSION = YES;
				CLANG_WARN_DIRECT_OBJC_ISA_USAGE = YES_ERROR;
				CLANG_WARN_DOCUMENTATION_COMMENTS = YES;
				CLANG_WARN_EMPTY_BODY = YES;
				CLANG_WARN_ENUM_CONVERSION = YES;
				CLANG_WARN_INFINITE_RECURSION = YES;
				CLANG_WARN_INT_CONVERSION = YES;
				CLANG_WARN_OBJC_ROOT_CLASS = YES_ERROR;
				CLANG_WARN_SUSPICIOUS_MOVES = YES;
				CLANG_WARN_UNREACHABLE_CODE = YES;
				CLANG_WARN__DUPLICATE_METHOD_MATCH = YES;
				"CODE_SIGN_IDENTITY[sdk=iphoneos*]" = "iPhone Developer";
				COPY_PHASE_STRIP = NO;
				DEBUG_INFORMATION_FORMAT = dwarf;
				ENABLE_STRICT_OBJC_MSGSEND = YES;
				ENABLE_TESTABILITY = YES;
				GCC_C_LANGUAGE_STANDARD = gnu99;
				GCC_DYNAMIC_NO_PIC = NO;
				GCC_NO_COMMON_BLOCKS = YES;
				GCC_OPTIMIZATION_LEVEL = 0;
				GCC_PREPROCESSOR_DEFINITIONS = (
					"DEBUG=1",
					"$(inherited)",
				);
				GCC_WARN_64_TO_32_BIT_CONVERSION = YES;
				GCC_WARN_ABOUT_RETURN_TYPE = YES_ERROR;
				GCC_WARN_UNDECLARED_SELECTOR = YES;
				GCC_WARN_UNINITIALIZED_AUTOS = YES_AGGRESSIVE;
				GCC_WARN_UNUSED_FUNCTION = YES;
				GCC_WARN_UNUSED_VARIABLE = YES;
				IPHONEOS_DEPLOYMENT_TARGET = 10.1;
				MTL_ENABLE_DEBUG_INFO = YES;
				ONLY_ACTIVE_ARCH = YES;
				SDKROOT = iphoneos;
				TARGETED_DEVICE_FAMILY = "1,2";
			};
			name = Debug;
		};
		A4A1891E1EA1291E00D06BF0 /* Release */ = {
			isa = XCBuildConfiguration;
			buildSettings = {
				ALWAYS_SEARCH_USER_PATHS = NO;
				CLANG_ANALYZER_NONNULL = YES;
				CLANG_CXX_LANGUAGE_STANDARD = "gnu++0x";
				CLANG_CXX_LIBRARY = "libc++";
				CLANG_ENABLE_MODULES = YES;
				CLANG_ENABLE_OBJC_ARC = YES;
				CLANG_WARN_BOOL_CONVERSION = YES;
				CLANG_WARN_CONSTANT_CONVERSION = YES;
				CLANG_WARN_DIRECT_OBJC_ISA_USAGE = YES_ERROR;
				CLANG_WARN_DOCUMENTATION_COMMENTS = YES;
				CLANG_WARN_EMPTY_BODY = YES;
				CLANG_WARN_ENUM_CONVERSION = YES;
				CLANG_WARN_INFINITE_RECURSION = YES;
				CLANG_WARN_INT_CONVERSION = YES;
				CLANG_WARN_OBJC_ROOT_CLASS = YES_ERROR;
				CLANG_WARN_SUSPICIOUS_MOVES = YES;
				CLANG_WARN_UNREACHABLE_CODE = YES;
				CLANG_WARN__DUPLICATE_METHOD_MATCH = YES;
				"CODE_SIGN_IDENTITY[sdk=iphoneos*]" = "iPhone Developer";
				COPY_PHASE_STRIP = NO;
				DEBUG_INFORMATION_FORMAT = "dwarf-with-dsym";
				ENABLE_NS_ASSERTIONS = NO;
				ENABLE_STRICT_OBJC_MSGSEND = YES;
				GCC_C_LANGUAGE_STANDARD = gnu99;
				GCC_NO_COMMON_BLOCKS = YES;
				GCC_WARN_64_TO_32_BIT_CONVERSION = YES;
				GCC_WARN_ABOUT_RETURN_TYPE = YES_ERROR;
				GCC_WARN_UNDECLARED_SELECTOR = YES;
				GCC_WARN_UNINITIALIZED_AUTOS = YES_AGGRESSIVE;
				GCC_WARN_UNUSED_FUNCTION = YES;
				GCC_WARN_UNUSED_VARIABLE = YES;
				IPHONEOS_DEPLOYMENT_TARGET = 10.1;
				MTL_ENABLE_DEBUG_INFO = NO;
				SDKROOT = iphoneos;
				TARGETED_DEVICE_FAMILY = "1,2";
				VALIDATE_PRODUCT = YES;
			};
			name = Release;
		};
		A4A189201EA1291E00D06BF0 /* Debug */ = {
			isa = XCBuildConfiguration;
			baseConfigurationReference = 2842789EAF1F25099F75BE8C /* Pods-UILibOCSample.debug.xcconfig */;
			buildSettings = {
				ASSETCATALOG_COMPILER_APPICON_NAME = AppIcon;
				DEVELOPMENT_TEAM = "";
				ENABLE_BITCODE = NO;
				FRAMEWORK_SEARCH_PATHS = (
					"$(inherited)",
					"$(PROJECT_DIR)/../Frameworks",
				);
				INFOPLIST_FILE = UILibOCSample/Info.plist;
				LD_RUNPATH_SEARCH_PATHS = "$(inherited) @executable_path/Frameworks";
				PRODUCT_BUNDLE_IDENTIFIER = com.dji.UILibOCSample;
				PRODUCT_NAME = "$(TARGET_NAME)";
				TARGETED_DEVICE_FAMILY = "1,2";
			};
			name = Debug;
		};
		A4A189211EA1291E00D06BF0 /* Release */ = {
			isa = XCBuildConfiguration;
			baseConfigurationReference = 8A2767A8A734D9F079B77485 /* Pods-UILibOCSample.release.xcconfig */;
			buildSettings = {
				ASSETCATALOG_COMPILER_APPICON_NAME = AppIcon;
				DEVELOPMENT_TEAM = "";
				ENABLE_BITCODE = NO;
				FRAMEWORK_SEARCH_PATHS = (
					"$(inherited)",
					"$(PROJECT_DIR)/../Frameworks",
				);
				INFOPLIST_FILE = UILibOCSample/Info.plist;
				LD_RUNPATH_SEARCH_PATHS = "$(inherited) @executable_path/Frameworks";
				PRODUCT_BUNDLE_IDENTIFIER = com.dji.UILibOCSample;
				PRODUCT_NAME = "$(TARGET_NAME)";
				TARGETED_DEVICE_FAMILY = "1,2";
			};
			name = Release;
		};
/* End XCBuildConfiguration section */

/* Begin XCConfigurationList section */
		A4A189031EA1291E00D06BF0 /* Build configuration list for PBXProject "UILibOCSample" */ = {
			isa = XCConfigurationList;
			buildConfigurations = (
				A4A1891D1EA1291E00D06BF0 /* Debug */,
				A4A1891E1EA1291E00D06BF0 /* Release */,
			);
			defaultConfigurationIsVisible = 0;
			defaultConfigurationName = Release;
		};
		A4A1891F1EA1291E00D06BF0 /* Build configuration list for PBXNativeTarget "UILibOCSample" */ = {
			isa = XCConfigurationList;
			buildConfigurations = (
				A4A189201EA1291E00D06BF0 /* Debug */,
				A4A189211EA1291E00D06BF0 /* Release */,
			);
			defaultConfigurationIsVisible = 0;
			defaultConfigurationName = Release;
		};
/* End XCConfigurationList section */
	};
	rootObject = A4A189001EA1291E00D06BF0 /* Project object */;
}
